// !$*UTF8*$!
{
	archiveVersion = 1;
	classes = {
	};
	objectVersion = 56;
	objects = {

/* Begin PBXBuildFile section */
		314F7B162A7221EC00EA5DC3 /* SearchUserRepositoryStub.swift in Sources */ = {isa = PBXBuildFile; fileRef = 314F7B152A7221EC00EA5DC3 /* SearchUserRepositoryStub.swift */; };
		314F7B182A723A8900EA5DC3 /* DefaultSearchUserRepositoryTests.swift in Sources */ = {isa = PBXBuildFile; fileRef = 314F7B172A723A8900EA5DC3 /* DefaultSearchUserRepositoryTests.swift */; };
		314F7B1A2A72400E00EA5DC3 /* DefaultSearchUserUseCaseTests.swift in Sources */ = {isa = PBXBuildFile; fileRef = 314F7B192A72400E00EA5DC3 /* DefaultSearchUserUseCaseTests.swift */; };
		314F7B1C2A724DAB00EA5DC3 /* SearchUserViewModelTests.swift in Sources */ = {isa = PBXBuildFile; fileRef = 314F7B1B2A724DAA00EA5DC3 /* SearchUserViewModelTests.swift */; };
		315A1E9F2A6E445F00C0FB4D /* SearchUserUseCase.swift in Sources */ = {isa = PBXBuildFile; fileRef = 315A1E9E2A6E445F00C0FB4D /* SearchUserUseCase.swift */; };
		315A1EA12A6E471F00C0FB4D /* RootView.swift in Sources */ = {isa = PBXBuildFile; fileRef = 315A1EA02A6E471F00C0FB4D /* RootView.swift */; };
		315A1EA52A6E4CF100C0FB4D /* DefaultSearchUserRepository.swift in Sources */ = {isa = PBXBuildFile; fileRef = 315A1EA42A6E4CF100C0FB4D /* DefaultSearchUserRepository.swift */; };
		315A1EA82A6E4D4400C0FB4D /* SearchUserAPI.swift in Sources */ = {isa = PBXBuildFile; fileRef = 315A1EA72A6E4D4400C0FB4D /* SearchUserAPI.swift */; };
		315A1EAB2A6E4F0A00C0FB4D /* GitHubUser.swift in Sources */ = {isa = PBXBuildFile; fileRef = 315A1EAA2A6E4F0A00C0FB4D /* GitHubUser.swift */; };
		315A1EAD2A6E4F3300C0FB4D /* GitHubUserList.swift in Sources */ = {isa = PBXBuildFile; fileRef = 315A1EAC2A6E4F3300C0FB4D /* GitHubUserList.swift */; };
		315A1EAF2A6E61F900C0FB4D /* SearchUserRowView.swift in Sources */ = {isa = PBXBuildFile; fileRef = 315A1EAE2A6E61F900C0FB4D /* SearchUserRowView.swift */; };
		315A1EB22A6E649E00C0FB4D /* Kingfisher in Frameworks */ = {isa = PBXBuildFile; productRef = 315A1EB12A6E649E00C0FB4D /* Kingfisher */; };
		315A1EB42A6E64BE00C0FB4D /* Image+.swift in Sources */ = {isa = PBXBuildFile; fileRef = 315A1EB32A6E64BE00C0FB4D /* Image+.swift */; };
		315A1EB62A6E690A00C0FB4D /* APILoggerPlugin.swift in Sources */ = {isa = PBXBuildFile; fileRef = 315A1EB52A6E690A00C0FB4D /* APILoggerPlugin.swift */; };
		315A1EB92A6E744500C0FB4D /* SubscriberCounter.swift in Sources */ = {isa = PBXBuildFile; fileRef = 315A1EB82A6E744500C0FB4D /* SubscriberCounter.swift */; };
		315A1EBB2A6E748A00C0FB4D /* LoadingTracker.swift in Sources */ = {isa = PBXBuildFile; fileRef = 315A1EBA2A6E748A00C0FB4D /* LoadingTracker.swift */; };
		3164302A2A6E2CEE00CFA3FD /* SearchUserView.swift in Sources */ = {isa = PBXBuildFile; fileRef = 316430292A6E2CEE00CFA3FD /* SearchUserView.swift */; };
		3164302C2A6E2CF900CFA3FD /* SearchUserViewModel.swift in Sources */ = {isa = PBXBuildFile; fileRef = 3164302B2A6E2CF900CFA3FD /* SearchUserViewModel.swift */; };
		3164302F2A6E2D4900CFA3FD /* RootViewType.swift in Sources */ = {isa = PBXBuildFile; fileRef = 3164302E2A6E2D4900CFA3FD /* RootViewType.swift */; };
		317B8DD52A6FE2530058F45C /* SearchUserRouterDestination.swift in Sources */ = {isa = PBXBuildFile; fileRef = 317B8DD42A6FE2530058F45C /* SearchUserRouterDestination.swift */; };
		319CEF892A68DB0A0048C38E /* CleanArchitectureExampleApp.swift in Sources */ = {isa = PBXBuildFile; fileRef = 319CEF882A68DB0A0048C38E /* CleanArchitectureExampleApp.swift */; };
		319CEF8D2A68DB0A0048C38E /* Assets.xcassets in Resources */ = {isa = PBXBuildFile; fileRef = 319CEF8C2A68DB0A0048C38E /* Assets.xcassets */; };
		319CEF902A68DB0A0048C38E /* Preview Assets.xcassets in Resources */ = {isa = PBXBuildFile; fileRef = 319CEF8F2A68DB0A0048C38E /* Preview Assets.xcassets */; };
		319CEF9A2A68DB0A0048C38E /* CleanArchitectureExampleTests.swift in Sources */ = {isa = PBXBuildFile; fileRef = 319CEF992A68DB0A0048C38E /* CleanArchitectureExampleTests.swift */; };
		319CEFA42A68DB0A0048C38E /* CleanArchitectureExampleUITests.swift in Sources */ = {isa = PBXBuildFile; fileRef = 319CEFA32A68DB0A0048C38E /* CleanArchitectureExampleUITests.swift */; };
		319CEFA62A68DB0A0048C38E /* CleanArchitectureExampleUITestsLaunchTests.swift in Sources */ = {isa = PBXBuildFile; fileRef = 319CEFA52A68DB0A0048C38E /* CleanArchitectureExampleUITestsLaunchTests.swift */; };
		319CEFB42A68F8370048C38E /* CombineMoya in Frameworks */ = {isa = PBXBuildFile; productRef = 319CEFB32A68F8370048C38E /* CombineMoya */; };
		319CEFB62A68F8370048C38E /* Moya in Frameworks */ = {isa = PBXBuildFile; productRef = 319CEFB52A68F8370048C38E /* Moya */; };
		31AB795A2A70B856006FD7A0 /* View+.swift in Sources */ = {isa = PBXBuildFile; fileRef = 31AB79592A70B856006FD7A0 /* View+.swift */; };
		31AB79602A70CA16006FD7A0 /* AccountRepositoryStub.swift in Sources */ = {isa = PBXBuildFile; fileRef = 31AB795F2A70CA16006FD7A0 /* AccountRepositoryStub.swift */; };
		31AB79642A710CC9006FD7A0 /* SearchUserRepository.swift in Sources */ = {isa = PBXBuildFile; fileRef = 31AB79632A710CC9006FD7A0 /* SearchUserRepository.swift */; };
		31AB79672A710CED006FD7A0 /* AccountRepository.swift in Sources */ = {isa = PBXBuildFile; fileRef = 31AB79662A710CED006FD7A0 /* AccountRepository.swift */; };
		31AB79692A711141006FD7A0 /* DefaultAccountUseCaseTests.swift in Sources */ = {isa = PBXBuildFile; fileRef = 31AB79682A711141006FD7A0 /* DefaultAccountUseCaseTests.swift */; };
		31AB796B2A7205B3006FD7A0 /* Constant+Scheme.swift in Sources */ = {isa = PBXBuildFile; fileRef = 31AB796A2A7205B3006FD7A0 /* Constant+Scheme.swift */; };
		31AB796D2A720823006FD7A0 /* LoginViewModelTests.swift in Sources */ = {isa = PBXBuildFile; fileRef = 31AB796C2A720823006FD7A0 /* LoginViewModelTests.swift */; };
		31AB796F2A7210A5006FD7A0 /* DefaultAccountRepositoryTests.swift in Sources */ = {isa = PBXBuildFile; fileRef = 31AB796E2A7210A5006FD7A0 /* DefaultAccountRepositoryTests.swift */; };
		31B033BB2A6A333400BD6BEE /* Constant.swift in Sources */ = {isa = PBXBuildFile; fileRef = 31B033BA2A6A333400BD6BEE /* Constant.swift */; };
		31B033BD2A6A334900BD6BEE /* Constant+URL.swift in Sources */ = {isa = PBXBuildFile; fileRef = 31B033BC2A6A334900BD6BEE /* Constant+URL.swift */; };
		31B033BF2A6A338200BD6BEE /* Constant+APIKey.swift in Sources */ = {isa = PBXBuildFile; fileRef = 31B033BE2A6A338200BD6BEE /* Constant+APIKey.swift */; };
		31B033C82A6A4A7300BD6BEE /* LoginViewModel.swift in Sources */ = {isa = PBXBuildFile; fileRef = 31B033C72A6A4A7200BD6BEE /* LoginViewModel.swift */; };
		31B033CA2A6A4A9A00BD6BEE /* LoginView.swift in Sources */ = {isa = PBXBuildFile; fileRef = 31B033C92A6A4A9A00BD6BEE /* LoginView.swift */; };
		31B033D32A6A530300BD6BEE /* AppManager.swift in Sources */ = {isa = PBXBuildFile; fileRef = 31B033D22A6A530300BD6BEE /* AppManager.swift */; };
		31B033D52A6A611F00BD6BEE /* AccountManager.swift in Sources */ = {isa = PBXBuildFile; fileRef = 31B033D42A6A611F00BD6BEE /* AccountManager.swift */; };
		31B033D82A6A63D500BD6BEE /* GitHubAccessTokenData.swift in Sources */ = {isa = PBXBuildFile; fileRef = 31B033D72A6A63D500BD6BEE /* GitHubAccessTokenData.swift */; };
		31B033DD2A6A66C300BD6BEE /* KeychainSwift in Frameworks */ = {isa = PBXBuildFile; productRef = 31B033DC2A6A66C300BD6BEE /* KeychainSwift */; };
		31B033E02A6A66F600BD6BEE /* KeyChainStorage.swift in Sources */ = {isa = PBXBuildFile; fileRef = 31B033DF2A6A66F600BD6BEE /* KeyChainStorage.swift */; };
		31B033E32A6A67C100BD6BEE /* OptionalType.swift in Sources */ = {isa = PBXBuildFile; fileRef = 31B033E22A6A67C100BD6BEE /* OptionalType.swift */; };
		31B033E82A6A6E6D00BD6BEE /* AccountAPI.swift in Sources */ = {isa = PBXBuildFile; fileRef = 31B033E72A6A6E6D00BD6BEE /* AccountAPI.swift */; };
		31B033EC2A6A796F00BD6BEE /* Color+.swift in Sources */ = {isa = PBXBuildFile; fileRef = 31B033EB2A6A796F00BD6BEE /* Color+.swift */; };
		31B033EE2A6A7A4700BD6BEE /* DefaultAccountRepository.swift in Sources */ = {isa = PBXBuildFile; fileRef = 31B033ED2A6A7A4700BD6BEE /* DefaultAccountRepository.swift */; };
		31B033F12A6A801800BD6BEE /* APIProvider.swift in Sources */ = {isa = PBXBuildFile; fileRef = 31B033F02A6A801800BD6BEE /* APIProvider.swift */; };
		31B033F32A6A815100BD6BEE /* APIError.swift in Sources */ = {isa = PBXBuildFile; fileRef = 31B033F22A6A815100BD6BEE /* APIError.swift */; };
		31B9C4262A6F7A3800FF96CE /* AccountUseCase.swift in Sources */ = {isa = PBXBuildFile; fileRef = 31B9C4252A6F7A3800FF96CE /* AccountUseCase.swift */; };
		31B9C4292A6F8F4E00FF96CE /* SafariView.swift in Sources */ = {isa = PBXBuildFile; fileRef = 31B9C4282A6F8F4E00FF96CE /* SafariView.swift */; };
		31B9C42E2A6FCC4700FF96CE /* Router.swift in Sources */ = {isa = PBXBuildFile; fileRef = 31B9C42D2A6FCC4700FF96CE /* Router.swift */; };
		31B9C4302A6FDD1800FF96CE /* RouterDestination.swift in Sources */ = {isa = PBXBuildFile; fileRef = 31B9C42F2A6FDD1800FF96CE /* RouterDestination.swift */; };
		31B9C4322A6FDD2A00FF96CE /* RouterTransitionStyle.swift in Sources */ = {isa = PBXBuildFile; fileRef = 31B9C4312A6FDD2A00FF96CE /* RouterTransitionStyle.swift */; };
/* End PBXBuildFile section */

/* Begin PBXContainerItemProxy section */
		319CEF962A68DB0A0048C38E /* PBXContainerItemProxy */ = {
			isa = PBXContainerItemProxy;
			containerPortal = 319CEF7D2A68DB0A0048C38E /* Project object */;
			proxyType = 1;
			remoteGlobalIDString = 319CEF842A68DB0A0048C38E;
			remoteInfo = CleanArchitectureExample;
		};
		319CEFA02A68DB0A0048C38E /* PBXContainerItemProxy */ = {
			isa = PBXContainerItemProxy;
			containerPortal = 319CEF7D2A68DB0A0048C38E /* Project object */;
			proxyType = 1;
			remoteGlobalIDString = 319CEF842A68DB0A0048C38E;
			remoteInfo = CleanArchitectureExample;
		};
/* End PBXContainerItemProxy section */

/* Begin PBXFileReference section */
		314F7B152A7221EC00EA5DC3 /* SearchUserRepositoryStub.swift */ = {isa = PBXFileReference; lastKnownFileType = sourcecode.swift; path = SearchUserRepositoryStub.swift; sourceTree = "<group>"; };
		314F7B172A723A8900EA5DC3 /* DefaultSearchUserRepositoryTests.swift */ = {isa = PBXFileReference; lastKnownFileType = sourcecode.swift; path = DefaultSearchUserRepositoryTests.swift; sourceTree = "<group>"; };
		314F7B192A72400E00EA5DC3 /* DefaultSearchUserUseCaseTests.swift */ = {isa = PBXFileReference; lastKnownFileType = sourcecode.swift; path = DefaultSearchUserUseCaseTests.swift; sourceTree = "<group>"; };
		314F7B1B2A724DAA00EA5DC3 /* SearchUserViewModelTests.swift */ = {isa = PBXFileReference; lastKnownFileType = sourcecode.swift; path = SearchUserViewModelTests.swift; sourceTree = "<group>"; };
		315A1E9E2A6E445F00C0FB4D /* SearchUserUseCase.swift */ = {isa = PBXFileReference; lastKnownFileType = sourcecode.swift; path = SearchUserUseCase.swift; sourceTree = "<group>"; };
		315A1EA02A6E471F00C0FB4D /* RootView.swift */ = {isa = PBXFileReference; lastKnownFileType = sourcecode.swift; path = RootView.swift; sourceTree = "<group>"; };
		315A1EA42A6E4CF100C0FB4D /* DefaultSearchUserRepository.swift */ = {isa = PBXFileReference; lastKnownFileType = sourcecode.swift; path = DefaultSearchUserRepository.swift; sourceTree = "<group>"; };
		315A1EA72A6E4D4400C0FB4D /* SearchUserAPI.swift */ = {isa = PBXFileReference; lastKnownFileType = sourcecode.swift; path = SearchUserAPI.swift; sourceTree = "<group>"; };
		315A1EAA2A6E4F0A00C0FB4D /* GitHubUser.swift */ = {isa = PBXFileReference; lastKnownFileType = sourcecode.swift; path = GitHubUser.swift; sourceTree = "<group>"; };
		315A1EAC2A6E4F3300C0FB4D /* GitHubUserList.swift */ = {isa = PBXFileReference; lastKnownFileType = sourcecode.swift; path = GitHubUserList.swift; sourceTree = "<group>"; };
		315A1EAE2A6E61F900C0FB4D /* SearchUserRowView.swift */ = {isa = PBXFileReference; lastKnownFileType = sourcecode.swift; path = SearchUserRowView.swift; sourceTree = "<group>"; };
		315A1EB32A6E64BE00C0FB4D /* Image+.swift */ = {isa = PBXFileReference; lastKnownFileType = sourcecode.swift; path = "Image+.swift"; sourceTree = "<group>"; };
		315A1EB52A6E690A00C0FB4D /* APILoggerPlugin.swift */ = {isa = PBXFileReference; lastKnownFileType = sourcecode.swift; path = APILoggerPlugin.swift; sourceTree = "<group>"; };
		315A1EB82A6E744500C0FB4D /* SubscriberCounter.swift */ = {isa = PBXFileReference; lastKnownFileType = sourcecode.swift; path = SubscriberCounter.swift; sourceTree = "<group>"; };
		315A1EBA2A6E748A00C0FB4D /* LoadingTracker.swift */ = {isa = PBXFileReference; lastKnownFileType = sourcecode.swift; path = LoadingTracker.swift; sourceTree = "<group>"; };
		316430292A6E2CEE00CFA3FD /* SearchUserView.swift */ = {isa = PBXFileReference; lastKnownFileType = sourcecode.swift; path = SearchUserView.swift; sourceTree = "<group>"; };
		3164302B2A6E2CF900CFA3FD /* SearchUserViewModel.swift */ = {isa = PBXFileReference; lastKnownFileType = sourcecode.swift; path = SearchUserViewModel.swift; sourceTree = "<group>"; };
		3164302E2A6E2D4900CFA3FD /* RootViewType.swift */ = {isa = PBXFileReference; lastKnownFileType = sourcecode.swift; path = RootViewType.swift; sourceTree = "<group>"; };
		317B8DD42A6FE2530058F45C /* SearchUserRouterDestination.swift */ = {isa = PBXFileReference; lastKnownFileType = sourcecode.swift; path = SearchUserRouterDestination.swift; sourceTree = "<group>"; };
		319CEF852A68DB0A0048C38E /* CleanArchitectureExample.app */ = {isa = PBXFileReference; explicitFileType = wrapper.application; includeInIndex = 0; path = CleanArchitectureExample.app; sourceTree = BUILT_PRODUCTS_DIR; };
		319CEF882A68DB0A0048C38E /* CleanArchitectureExampleApp.swift */ = {isa = PBXFileReference; lastKnownFileType = sourcecode.swift; path = CleanArchitectureExampleApp.swift; sourceTree = "<group>"; };
		319CEF8C2A68DB0A0048C38E /* Assets.xcassets */ = {isa = PBXFileReference; lastKnownFileType = folder.assetcatalog; path = Assets.xcassets; sourceTree = "<group>"; };
		319CEF8F2A68DB0A0048C38E /* Preview Assets.xcassets */ = {isa = PBXFileReference; lastKnownFileType = folder.assetcatalog; path = "Preview Assets.xcassets"; sourceTree = "<group>"; };
		319CEF952A68DB0A0048C38E /* CleanArchitectureExampleTests.xctest */ = {isa = PBXFileReference; explicitFileType = wrapper.cfbundle; includeInIndex = 0; path = CleanArchitectureExampleTests.xctest; sourceTree = BUILT_PRODUCTS_DIR; };
		319CEF992A68DB0A0048C38E /* CleanArchitectureExampleTests.swift */ = {isa = PBXFileReference; lastKnownFileType = sourcecode.swift; path = CleanArchitectureExampleTests.swift; sourceTree = "<group>"; };
		319CEF9F2A68DB0A0048C38E /* CleanArchitectureExampleUITests.xctest */ = {isa = PBXFileReference; explicitFileType = wrapper.cfbundle; includeInIndex = 0; path = CleanArchitectureExampleUITests.xctest; sourceTree = BUILT_PRODUCTS_DIR; };
		319CEFA32A68DB0A0048C38E /* CleanArchitectureExampleUITests.swift */ = {isa = PBXFileReference; lastKnownFileType = sourcecode.swift; path = CleanArchitectureExampleUITests.swift; sourceTree = "<group>"; };
		319CEFA52A68DB0A0048C38E /* CleanArchitectureExampleUITestsLaunchTests.swift */ = {isa = PBXFileReference; lastKnownFileType = sourcecode.swift; path = CleanArchitectureExampleUITestsLaunchTests.swift; sourceTree = "<group>"; };
		31AB79592A70B856006FD7A0 /* View+.swift */ = {isa = PBXFileReference; lastKnownFileType = sourcecode.swift; path = "View+.swift"; sourceTree = "<group>"; };
		31AB795F2A70CA16006FD7A0 /* AccountRepositoryStub.swift */ = {isa = PBXFileReference; lastKnownFileType = sourcecode.swift; path = AccountRepositoryStub.swift; sourceTree = "<group>"; };
		31AB79612A70D0DB006FD7A0 /* CleanArchitectureExample.xctestplan */ = {isa = PBXFileReference; lastKnownFileType = text; path = CleanArchitectureExample.xctestplan; sourceTree = "<group>"; };
		31AB79632A710CC9006FD7A0 /* SearchUserRepository.swift */ = {isa = PBXFileReference; lastKnownFileType = sourcecode.swift; path = SearchUserRepository.swift; sourceTree = "<group>"; };
		31AB79662A710CED006FD7A0 /* AccountRepository.swift */ = {isa = PBXFileReference; lastKnownFileType = sourcecode.swift; path = AccountRepository.swift; sourceTree = "<group>"; };
		31AB79682A711141006FD7A0 /* DefaultAccountUseCaseTests.swift */ = {isa = PBXFileReference; lastKnownFileType = sourcecode.swift; path = DefaultAccountUseCaseTests.swift; sourceTree = "<group>"; };
		31AB796A2A7205B3006FD7A0 /* Constant+Scheme.swift */ = {isa = PBXFileReference; lastKnownFileType = sourcecode.swift; path = "Constant+Scheme.swift"; sourceTree = "<group>"; };
		31AB796C2A720823006FD7A0 /* LoginViewModelTests.swift */ = {isa = PBXFileReference; lastKnownFileType = sourcecode.swift; path = LoginViewModelTests.swift; sourceTree = "<group>"; };
		31AB796E2A7210A5006FD7A0 /* DefaultAccountRepositoryTests.swift */ = {isa = PBXFileReference; lastKnownFileType = sourcecode.swift; path = DefaultAccountRepositoryTests.swift; sourceTree = "<group>"; };
		31B033BA2A6A333400BD6BEE /* Constant.swift */ = {isa = PBXFileReference; lastKnownFileType = sourcecode.swift; path = Constant.swift; sourceTree = "<group>"; };
		31B033BC2A6A334900BD6BEE /* Constant+URL.swift */ = {isa = PBXFileReference; lastKnownFileType = sourcecode.swift; path = "Constant+URL.swift"; sourceTree = "<group>"; };
		31B033BE2A6A338200BD6BEE /* Constant+APIKey.swift */ = {isa = PBXFileReference; lastKnownFileType = sourcecode.swift; path = "Constant+APIKey.swift"; sourceTree = "<group>"; };
		31B033C12A6A36A500BD6BEE /* Info.plist */ = {isa = PBXFileReference; lastKnownFileType = text.plist; path = Info.plist; sourceTree = "<group>"; };
		31B033C72A6A4A7200BD6BEE /* LoginViewModel.swift */ = {isa = PBXFileReference; lastKnownFileType = sourcecode.swift; path = LoginViewModel.swift; sourceTree = "<group>"; };
		31B033C92A6A4A9A00BD6BEE /* LoginView.swift */ = {isa = PBXFileReference; lastKnownFileType = sourcecode.swift; path = LoginView.swift; sourceTree = "<group>"; };
		31B033D22A6A530300BD6BEE /* AppManager.swift */ = {isa = PBXFileReference; lastKnownFileType = sourcecode.swift; path = AppManager.swift; sourceTree = "<group>"; };
		31B033D42A6A611F00BD6BEE /* AccountManager.swift */ = {isa = PBXFileReference; lastKnownFileType = sourcecode.swift; path = AccountManager.swift; sourceTree = "<group>"; };
		31B033D72A6A63D500BD6BEE /* GitHubAccessTokenData.swift */ = {isa = PBXFileReference; lastKnownFileType = sourcecode.swift; path = GitHubAccessTokenData.swift; sourceTree = "<group>"; };
		31B033DF2A6A66F600BD6BEE /* KeyChainStorage.swift */ = {isa = PBXFileReference; lastKnownFileType = sourcecode.swift; path = KeyChainStorage.swift; sourceTree = "<group>"; };
		31B033E22A6A67C100BD6BEE /* OptionalType.swift */ = {isa = PBXFileReference; lastKnownFileType = sourcecode.swift; path = OptionalType.swift; sourceTree = "<group>"; };
		31B033E72A6A6E6D00BD6BEE /* AccountAPI.swift */ = {isa = PBXFileReference; lastKnownFileType = sourcecode.swift; path = AccountAPI.swift; sourceTree = "<group>"; };
		31B033EB2A6A796F00BD6BEE /* Color+.swift */ = {isa = PBXFileReference; lastKnownFileType = sourcecode.swift; path = "Color+.swift"; sourceTree = "<group>"; };
		31B033ED2A6A7A4700BD6BEE /* DefaultAccountRepository.swift */ = {isa = PBXFileReference; lastKnownFileType = sourcecode.swift; path = DefaultAccountRepository.swift; sourceTree = "<group>"; };
		31B033F02A6A801800BD6BEE /* APIProvider.swift */ = {isa = PBXFileReference; lastKnownFileType = sourcecode.swift; path = APIProvider.swift; sourceTree = "<group>"; };
		31B033F22A6A815100BD6BEE /* APIError.swift */ = {isa = PBXFileReference; lastKnownFileType = sourcecode.swift; path = APIError.swift; sourceTree = "<group>"; };
		31B9C4252A6F7A3800FF96CE /* AccountUseCase.swift */ = {isa = PBXFileReference; lastKnownFileType = sourcecode.swift; path = AccountUseCase.swift; sourceTree = "<group>"; };
		31B9C4282A6F8F4E00FF96CE /* SafariView.swift */ = {isa = PBXFileReference; lastKnownFileType = sourcecode.swift; path = SafariView.swift; sourceTree = "<group>"; };
		31B9C42D2A6FCC4700FF96CE /* Router.swift */ = {isa = PBXFileReference; lastKnownFileType = sourcecode.swift; path = Router.swift; sourceTree = "<group>"; };
		31B9C42F2A6FDD1800FF96CE /* RouterDestination.swift */ = {isa = PBXFileReference; lastKnownFileType = sourcecode.swift; path = RouterDestination.swift; sourceTree = "<group>"; };
		31B9C4312A6FDD2A00FF96CE /* RouterTransitionStyle.swift */ = {isa = PBXFileReference; lastKnownFileType = sourcecode.swift; path = RouterTransitionStyle.swift; sourceTree = "<group>"; };
/* End PBXFileReference section */

/* Begin PBXFrameworksBuildPhase section */
		319CEF822A68DB0A0048C38E /* Frameworks */ = {
			isa = PBXFrameworksBuildPhase;
			buildActionMask = 2147483647;
			files = (
				315A1EB22A6E649E00C0FB4D /* Kingfisher in Frameworks */,
				31B033DD2A6A66C300BD6BEE /* KeychainSwift in Frameworks */,
				319CEFB62A68F8370048C38E /* Moya in Frameworks */,
				319CEFB42A68F8370048C38E /* CombineMoya in Frameworks */,
			);
			runOnlyForDeploymentPostprocessing = 0;
		};
		319CEF922A68DB0A0048C38E /* Frameworks */ = {
			isa = PBXFrameworksBuildPhase;
			buildActionMask = 2147483647;
			files = (
			);
			runOnlyForDeploymentPostprocessing = 0;
		};
		319CEF9C2A68DB0A0048C38E /* Frameworks */ = {
			isa = PBXFrameworksBuildPhase;
			buildActionMask = 2147483647;
			files = (
			);
			runOnlyForDeploymentPostprocessing = 0;
		};
/* End PBXFrameworksBuildPhase section */

/* Begin PBXGroup section */
		314F7B142A7221DB00EA5DC3 /* SearchUser */ = {
			isa = PBXGroup;
			children = (
				314F7B152A7221EC00EA5DC3 /* SearchUserRepositoryStub.swift */,
				314F7B172A723A8900EA5DC3 /* DefaultSearchUserRepositoryTests.swift */,
				314F7B192A72400E00EA5DC3 /* DefaultSearchUserUseCaseTests.swift */,
				314F7B1B2A724DAA00EA5DC3 /* SearchUserViewModelTests.swift */,
			);
			path = SearchUser;
			sourceTree = "<group>";
		};
		315A1E9C2A6E445100C0FB4D /* Domain */ = {
			isa = PBXGroup;
			children = (
				31AB79622A710CBE006FD7A0 /* Interface */,
				315A1E9D2A6E445500C0FB4D /* UseCase */,
				315A1EA92A6E4EFC00C0FB4D /* Model */,
			);
			path = Domain;
			sourceTree = "<group>";
		};
		315A1E9D2A6E445500C0FB4D /* UseCase */ = {
			isa = PBXGroup;
			children = (
				315A1E9E2A6E445F00C0FB4D /* SearchUserUseCase.swift */,
			);
			path = UseCase;
			sourceTree = "<group>";
		};
		315A1EA22A6E4CE000C0FB4D /* Data */ = {
			isa = PBXGroup;
			children = (
				315A1EA62A6E4D3600C0FB4D /* API */,
				315A1EA32A6E4CE400C0FB4D /* Repository */,
			);
			path = Data;
			sourceTree = "<group>";
		};
		315A1EA32A6E4CE400C0FB4D /* Repository */ = {
			isa = PBXGroup;
			children = (
				315A1EA42A6E4CF100C0FB4D /* DefaultSearchUserRepository.swift */,
			);
			path = Repository;
			sourceTree = "<group>";
		};
		315A1EA62A6E4D3600C0FB4D /* API */ = {
			isa = PBXGroup;
			children = (
				315A1EA72A6E4D4400C0FB4D /* SearchUserAPI.swift */,
			);
			path = API;
			sourceTree = "<group>";
		};
		315A1EA92A6E4EFC00C0FB4D /* Model */ = {
			isa = PBXGroup;
			children = (
				315A1EAA2A6E4F0A00C0FB4D /* GitHubUser.swift */,
				315A1EAC2A6E4F3300C0FB4D /* GitHubUserList.swift */,
			);
			path = Model;
			sourceTree = "<group>";
		};
		315A1EB72A6E741000C0FB4D /* Publisher */ = {
			isa = PBXGroup;
			children = (
				315A1EB82A6E744500C0FB4D /* SubscriberCounter.swift */,
				315A1EBA2A6E748A00C0FB4D /* LoadingTracker.swift */,
			);
			path = Publisher;
			sourceTree = "<group>";
		};
		316430252A6E2AFA00CFA3FD /* UseCase */ = {
			isa = PBXGroup;
			children = (
				31B9C4252A6F7A3800FF96CE /* AccountUseCase.swift */,
			);
			path = UseCase;
			sourceTree = "<group>";
		};
		316430262A6E2CD200CFA3FD /* SearchUser */ = {
			isa = PBXGroup;
			children = (
				315A1EA22A6E4CE000C0FB4D /* Data */,
				315A1E9C2A6E445100C0FB4D /* Domain */,
				316430282A6E2CE200CFA3FD /* Presentation */,
			);
			path = SearchUser;
			sourceTree = "<group>";
		};
		316430282A6E2CE200CFA3FD /* Presentation */ = {
			isa = PBXGroup;
			children = (
				317B8DD32A6FE2440058F45C /* Router */,
				31B9C4232A6F580800FF96CE /* View */,
				31B9C4242A6F581200FF96CE /* ViewModel */,
			);
			path = Presentation;
			sourceTree = "<group>";
		};
		3164302D2A6E2D3C00CFA3FD /* AppManager */ = {
			isa = PBXGroup;
			children = (
				31B033D22A6A530300BD6BEE /* AppManager.swift */,
				3164302E2A6E2D4900CFA3FD /* RootViewType.swift */,
			);
			path = AppManager;
			sourceTree = "<group>";
		};
		317B8DD32A6FE2440058F45C /* Router */ = {
			isa = PBXGroup;
			children = (
				317B8DD42A6FE2530058F45C /* SearchUserRouterDestination.swift */,
			);
			path = Router;
			sourceTree = "<group>";
		};
		319CEF7C2A68DB0A0048C38E = {
			isa = PBXGroup;
			children = (
				31AB79612A70D0DB006FD7A0 /* CleanArchitectureExample.xctestplan */,
				319CEF872A68DB0A0048C38E /* CleanArchitectureExample */,
				319CEF982A68DB0A0048C38E /* CleanArchitectureExampleTests */,
				319CEFA22A68DB0A0048C38E /* CleanArchitectureExampleUITests */,
				319CEF862A68DB0A0048C38E /* Products */,
			);
			sourceTree = "<group>";
		};
		319CEF862A68DB0A0048C38E /* Products */ = {
			isa = PBXGroup;
			children = (
				319CEF852A68DB0A0048C38E /* CleanArchitectureExample.app */,
				319CEF952A68DB0A0048C38E /* CleanArchitectureExampleTests.xctest */,
				319CEF9F2A68DB0A0048C38E /* CleanArchitectureExampleUITests.xctest */,
			);
			name = Products;
			sourceTree = "<group>";
		};
		319CEF872A68DB0A0048C38E /* CleanArchitectureExample */ = {
			isa = PBXGroup;
			children = (
				31B033C12A6A36A500BD6BEE /* Info.plist */,
				315A1EB72A6E741000C0FB4D /* Publisher */,
				31B033B82A6A329100BD6BEE /* Resources */,
				31B033B72A6A325E00BD6BEE /* Entry */,
				31B033EA2A6A796800BD6BEE /* Extensions */,
				31B033EF2A6A800800BD6BEE /* Network */,
				31B033E12A6A67B800BD6BEE /* Protocol */,
				31B033DE2A6A66DB00BD6BEE /* Storage */,
				31B033B92A6A32B500BD6BEE /* Constants */,
				31B033D12A6A52D700BD6BEE /* Managers */,
				31B033C22A6A4A4100BD6BEE /* UserInterface */,
				319CEF8E2A68DB0A0048C38E /* Preview Content */,
			);
			path = CleanArchitectureExample;
			sourceTree = "<group>";
		};
		319CEF8E2A68DB0A0048C38E /* Preview Content */ = {
			isa = PBXGroup;
			children = (
				319CEF8F2A68DB0A0048C38E /* Preview Assets.xcassets */,
			);
			path = "Preview Content";
			sourceTree = "<group>";
		};
		319CEF982A68DB0A0048C38E /* CleanArchitectureExampleTests */ = {
			isa = PBXGroup;
			children = (
				319CEF992A68DB0A0048C38E /* CleanArchitectureExampleTests.swift */,
				31AB795D2A70C9AE006FD7A0 /* UserInterface */,
			);
			path = CleanArchitectureExampleTests;
			sourceTree = "<group>";
		};
		319CEFA22A68DB0A0048C38E /* CleanArchitectureExampleUITests */ = {
			isa = PBXGroup;
			children = (
				319CEFA32A68DB0A0048C38E /* CleanArchitectureExampleUITests.swift */,
				319CEFA52A68DB0A0048C38E /* CleanArchitectureExampleUITestsLaunchTests.swift */,
			);
			path = CleanArchitectureExampleUITests;
			sourceTree = "<group>";
		};
		31AB795B2A70C98F006FD7A0 /* View */ = {
			isa = PBXGroup;
			children = (
				31B033C92A6A4A9A00BD6BEE /* LoginView.swift */,
			);
			path = View;
			sourceTree = "<group>";
		};
		31AB795C2A70C997006FD7A0 /* ViewModel */ = {
			isa = PBXGroup;
			children = (
				31B033C72A6A4A7200BD6BEE /* LoginViewModel.swift */,
			);
			path = ViewModel;
			sourceTree = "<group>";
		};
		31AB795D2A70C9AE006FD7A0 /* UserInterface */ = {
			isa = PBXGroup;
			children = (
				314F7B142A7221DB00EA5DC3 /* SearchUser */,
				31AB795E2A70C9BB006FD7A0 /* Login */,
			);
			path = UserInterface;
			sourceTree = "<group>";
		};
		31AB795E2A70C9BB006FD7A0 /* Login */ = {
			isa = PBXGroup;
			children = (
				31AB795F2A70CA16006FD7A0 /* AccountRepositoryStub.swift */,
				31AB796E2A7210A5006FD7A0 /* DefaultAccountRepositoryTests.swift */,
				31AB79682A711141006FD7A0 /* DefaultAccountUseCaseTests.swift */,
				31AB796C2A720823006FD7A0 /* LoginViewModelTests.swift */,
			);
			path = Login;
			sourceTree = "<group>";
		};
		31AB79622A710CBE006FD7A0 /* Interface */ = {
			isa = PBXGroup;
			children = (
				31AB79632A710CC9006FD7A0 /* SearchUserRepository.swift */,
			);
			path = Interface;
			sourceTree = "<group>";
		};
		31AB79652A710CDF006FD7A0 /* Interface */ = {
			isa = PBXGroup;
			children = (
				31AB79662A710CED006FD7A0 /* AccountRepository.swift */,
			);
			path = Interface;
			sourceTree = "<group>";
		};
		31B033B72A6A325E00BD6BEE /* Entry */ = {
			isa = PBXGroup;
			children = (
				319CEF882A68DB0A0048C38E /* CleanArchitectureExampleApp.swift */,
				315A1EA02A6E471F00C0FB4D /* RootView.swift */,
			);
			path = Entry;
			sourceTree = "<group>";
		};
		31B033B82A6A329100BD6BEE /* Resources */ = {
			isa = PBXGroup;
			children = (
				319CEF8C2A68DB0A0048C38E /* Assets.xcassets */,
			);
			path = Resources;
			sourceTree = "<group>";
		};
		31B033B92A6A32B500BD6BEE /* Constants */ = {
			isa = PBXGroup;
			children = (
				31B033BA2A6A333400BD6BEE /* Constant.swift */,
				31B033BC2A6A334900BD6BEE /* Constant+URL.swift */,
				31AB796A2A7205B3006FD7A0 /* Constant+Scheme.swift */,
				31B033C02A6A35BA00BD6BEE /* Secret */,
			);
			path = Constants;
			sourceTree = "<group>";
		};
		31B033C02A6A35BA00BD6BEE /* Secret */ = {
			isa = PBXGroup;
			children = (
				31B033BE2A6A338200BD6BEE /* Constant+APIKey.swift */,
			);
			path = Secret;
			sourceTree = "<group>";
		};
		31B033C22A6A4A4100BD6BEE /* UserInterface */ = {
			isa = PBXGroup;
			children = (
				31B9C4272A6F8E9900FF96CE /* Common */,
				316430262A6E2CD200CFA3FD /* SearchUser */,
				31B033C32A6A4A5000BD6BEE /* Login */,
			);
			path = UserInterface;
			sourceTree = "<group>";
		};
		31B033C32A6A4A5000BD6BEE /* Login */ = {
			isa = PBXGroup;
			children = (
				31B033E42A6A697100BD6BEE /* Data */,
				31B033CB2A6A4AED00BD6BEE /* Domain */,
				31B033C42A6A4A5800BD6BEE /* Persentation */,
			);
			path = Login;
			sourceTree = "<group>";
		};
		31B033C42A6A4A5800BD6BEE /* Persentation */ = {
			isa = PBXGroup;
			children = (
				31AB795C2A70C997006FD7A0 /* ViewModel */,
				31AB795B2A70C98F006FD7A0 /* View */,
			);
			path = Persentation;
			sourceTree = "<group>";
		};
		31B033CB2A6A4AED00BD6BEE /* Domain */ = {
			isa = PBXGroup;
			children = (
				31AB79652A710CDF006FD7A0 /* Interface */,
				316430252A6E2AFA00CFA3FD /* UseCase */,
				31B033E52A6A697700BD6BEE /* Model */,
			);
			path = Domain;
			sourceTree = "<group>";
		};
		31B033D12A6A52D700BD6BEE /* Managers */ = {
			isa = PBXGroup;
			children = (
				3164302D2A6E2D3C00CFA3FD /* AppManager */,
				31B033D62A6A637600BD6BEE /* Account */,
			);
			path = Managers;
			sourceTree = "<group>";
		};
		31B033D62A6A637600BD6BEE /* Account */ = {
			isa = PBXGroup;
			children = (
				31B033D42A6A611F00BD6BEE /* AccountManager.swift */,
			);
			path = Account;
			sourceTree = "<group>";
		};
		31B033DE2A6A66DB00BD6BEE /* Storage */ = {
			isa = PBXGroup;
			children = (
				31B033DF2A6A66F600BD6BEE /* KeyChainStorage.swift */,
			);
			path = Storage;
			sourceTree = "<group>";
		};
		31B033E12A6A67B800BD6BEE /* Protocol */ = {
			isa = PBXGroup;
			children = (
				31B033E22A6A67C100BD6BEE /* OptionalType.swift */,
			);
			path = Protocol;
			sourceTree = "<group>";
		};
		31B033E42A6A697100BD6BEE /* Data */ = {
			isa = PBXGroup;
			children = (
				31B033E92A6A6E8200BD6BEE /* Repository */,
				31B033E62A6A6E6600BD6BEE /* API */,
			);
			path = Data;
			sourceTree = "<group>";
		};
		31B033E52A6A697700BD6BEE /* Model */ = {
			isa = PBXGroup;
			children = (
				31B033D72A6A63D500BD6BEE /* GitHubAccessTokenData.swift */,
			);
			path = Model;
			sourceTree = "<group>";
		};
		31B033E62A6A6E6600BD6BEE /* API */ = {
			isa = PBXGroup;
			children = (
				31B033E72A6A6E6D00BD6BEE /* AccountAPI.swift */,
			);
			path = API;
			sourceTree = "<group>";
		};
		31B033E92A6A6E8200BD6BEE /* Repository */ = {
			isa = PBXGroup;
			children = (
				31B033ED2A6A7A4700BD6BEE /* DefaultAccountRepository.swift */,
			);
			path = Repository;
			sourceTree = "<group>";
		};
		31B033EA2A6A796800BD6BEE /* Extensions */ = {
			isa = PBXGroup;
			children = (
				31B033EB2A6A796F00BD6BEE /* Color+.swift */,
				315A1EB32A6E64BE00C0FB4D /* Image+.swift */,
				31AB79592A70B856006FD7A0 /* View+.swift */,
			);
			path = Extensions;
			sourceTree = "<group>";
		};
		31B033EF2A6A800800BD6BEE /* Network */ = {
			isa = PBXGroup;
			children = (
				31B033F02A6A801800BD6BEE /* APIProvider.swift */,
				31B033F22A6A815100BD6BEE /* APIError.swift */,
				315A1EB52A6E690A00C0FB4D /* APILoggerPlugin.swift */,
			);
			path = Network;
			sourceTree = "<group>";
		};
		31B9C4232A6F580800FF96CE /* View */ = {
			isa = PBXGroup;
			children = (
				316430292A6E2CEE00CFA3FD /* SearchUserView.swift */,
				315A1EAE2A6E61F900C0FB4D /* SearchUserRowView.swift */,
			);
			path = View;
			sourceTree = "<group>";
		};
		31B9C4242A6F581200FF96CE /* ViewModel */ = {
			isa = PBXGroup;
			children = (
				3164302B2A6E2CF900CFA3FD /* SearchUserViewModel.swift */,
			);
			path = ViewModel;
			sourceTree = "<group>";
		};
		31B9C4272A6F8E9900FF96CE /* Common */ = {
			isa = PBXGroup;
			children = (
				31B9C42C2A6FCC0800FF96CE /* Router */,
				31B9C42B2A6FCC0100FF96CE /* View */,
			);
			path = Common;
			sourceTree = "<group>";
		};
		31B9C42B2A6FCC0100FF96CE /* View */ = {
			isa = PBXGroup;
			children = (
				31B9C4282A6F8F4E00FF96CE /* SafariView.swift */,
			);
			path = View;
			sourceTree = "<group>";
		};
		31B9C42C2A6FCC0800FF96CE /* Router */ = {
			isa = PBXGroup;
			children = (
				31B9C42D2A6FCC4700FF96CE /* Router.swift */,
				31B9C42F2A6FDD1800FF96CE /* RouterDestination.swift */,
				31B9C4312A6FDD2A00FF96CE /* RouterTransitionStyle.swift */,
			);
			path = Router;
			sourceTree = "<group>";
		};
/* End PBXGroup section */

/* Begin PBXNativeTarget section */
		319CEF842A68DB0A0048C38E /* CleanArchitectureExample */ = {
			isa = PBXNativeTarget;
			buildConfigurationList = 319CEFA92A68DB0A0048C38E /* Build configuration list for PBXNativeTarget "CleanArchitectureExample" */;
			buildPhases = (
				319CEF812A68DB0A0048C38E /* Sources */,
				319CEF822A68DB0A0048C38E /* Frameworks */,
				319CEF832A68DB0A0048C38E /* Resources */,
			);
			buildRules = (
			);
			dependencies = (
			);
			name = CleanArchitectureExample;
			packageProductDependencies = (
				319CEFB32A68F8370048C38E /* CombineMoya */,
				319CEFB52A68F8370048C38E /* Moya */,
				31B033DC2A6A66C300BD6BEE /* KeychainSwift */,
				315A1EB12A6E649E00C0FB4D /* Kingfisher */,
			);
			productName = CleanArchitectureExample;
			productReference = 319CEF852A68DB0A0048C38E /* CleanArchitectureExample.app */;
			productType = "com.apple.product-type.application";
		};
		319CEF942A68DB0A0048C38E /* CleanArchitectureExampleTests */ = {
			isa = PBXNativeTarget;
			buildConfigurationList = 319CEFAC2A68DB0A0048C38E /* Build configuration list for PBXNativeTarget "CleanArchitectureExampleTests" */;
			buildPhases = (
				319CEF912A68DB0A0048C38E /* Sources */,
				319CEF922A68DB0A0048C38E /* Frameworks */,
				319CEF932A68DB0A0048C38E /* Resources */,
			);
			buildRules = (
			);
			dependencies = (
				319CEF972A68DB0A0048C38E /* PBXTargetDependency */,
			);
			name = CleanArchitectureExampleTests;
			productName = CleanArchitectureExampleTests;
			productReference = 319CEF952A68DB0A0048C38E /* CleanArchitectureExampleTests.xctest */;
			productType = "com.apple.product-type.bundle.unit-test";
		};
		319CEF9E2A68DB0A0048C38E /* CleanArchitectureExampleUITests */ = {
			isa = PBXNativeTarget;
			buildConfigurationList = 319CEFAF2A68DB0A0048C38E /* Build configuration list for PBXNativeTarget "CleanArchitectureExampleUITests" */;
			buildPhases = (
				319CEF9B2A68DB0A0048C38E /* Sources */,
				319CEF9C2A68DB0A0048C38E /* Frameworks */,
				319CEF9D2A68DB0A0048C38E /* Resources */,
			);
			buildRules = (
			);
			dependencies = (
				319CEFA12A68DB0A0048C38E /* PBXTargetDependency */,
			);
			name = CleanArchitectureExampleUITests;
			productName = CleanArchitectureExampleUITests;
			productReference = 319CEF9F2A68DB0A0048C38E /* CleanArchitectureExampleUITests.xctest */;
			productType = "com.apple.product-type.bundle.ui-testing";
		};
/* End PBXNativeTarget section */

/* Begin PBXProject section */
		319CEF7D2A68DB0A0048C38E /* Project object */ = {
			isa = PBXProject;
			attributes = {
				BuildIndependentTargetsInParallel = 1;
				LastSwiftUpdateCheck = 1430;
				LastUpgradeCheck = 1430;
				TargetAttributes = {
					319CEF842A68DB0A0048C38E = {
						CreatedOnToolsVersion = 14.3.1;
					};
					319CEF942A68DB0A0048C38E = {
						CreatedOnToolsVersion = 14.3.1;
						TestTargetID = 319CEF842A68DB0A0048C38E;
					};
					319CEF9E2A68DB0A0048C38E = {
						CreatedOnToolsVersion = 14.3.1;
						TestTargetID = 319CEF842A68DB0A0048C38E;
					};
				};
			};
			buildConfigurationList = 319CEF802A68DB0A0048C38E /* Build configuration list for PBXProject "CleanArchitectureExample" */;
			compatibilityVersion = "Xcode 14.0";
			developmentRegion = en;
			hasScannedForEncodings = 0;
			knownRegions = (
				en,
				Base,
			);
			mainGroup = 319CEF7C2A68DB0A0048C38E;
			packageReferences = (
				319CEFB22A68F8370048C38E /* XCRemoteSwiftPackageReference "Moya" */,
				31B033DB2A6A66C300BD6BEE /* XCRemoteSwiftPackageReference "keychain-swift" */,
				315A1EB02A6E649E00C0FB4D /* XCRemoteSwiftPackageReference "Kingfisher" */,
			);
			productRefGroup = 319CEF862A68DB0A0048C38E /* Products */;
			projectDirPath = "";
			projectRoot = "";
			targets = (
				319CEF842A68DB0A0048C38E /* CleanArchitectureExample */,
				319CEF942A68DB0A0048C38E /* CleanArchitectureExampleTests */,
				319CEF9E2A68DB0A0048C38E /* CleanArchitectureExampleUITests */,
			);
		};
/* End PBXProject section */

/* Begin PBXResourcesBuildPhase section */
		319CEF832A68DB0A0048C38E /* Resources */ = {
			isa = PBXResourcesBuildPhase;
			buildActionMask = 2147483647;
			files = (
				319CEF902A68DB0A0048C38E /* Preview Assets.xcassets in Resources */,
				319CEF8D2A68DB0A0048C38E /* Assets.xcassets in Resources */,
			);
			runOnlyForDeploymentPostprocessing = 0;
		};
		319CEF932A68DB0A0048C38E /* Resources */ = {
			isa = PBXResourcesBuildPhase;
			buildActionMask = 2147483647;
			files = (
			);
			runOnlyForDeploymentPostprocessing = 0;
		};
		319CEF9D2A68DB0A0048C38E /* Resources */ = {
			isa = PBXResourcesBuildPhase;
			buildActionMask = 2147483647;
			files = (
			);
			runOnlyForDeploymentPostprocessing = 0;
		};
/* End PBXResourcesBuildPhase section */

/* Begin PBXSourcesBuildPhase section */
		319CEF812A68DB0A0048C38E /* Sources */ = {
			isa = PBXSourcesBuildPhase;
			buildActionMask = 2147483647;
			files = (
				31AB79642A710CC9006FD7A0 /* SearchUserRepository.swift in Sources */,
				31B033BF2A6A338200BD6BEE /* Constant+APIKey.swift in Sources */,
				315A1E9F2A6E445F00C0FB4D /* SearchUserUseCase.swift in Sources */,
				31B033F12A6A801800BD6BEE /* APIProvider.swift in Sources */,
				31B033CA2A6A4A9A00BD6BEE /* LoginView.swift in Sources */,
				315A1EB92A6E744500C0FB4D /* SubscriberCounter.swift in Sources */,
				31B9C4262A6F7A3800FF96CE /* AccountUseCase.swift in Sources */,
				3164302A2A6E2CEE00CFA3FD /* SearchUserView.swift in Sources */,
				315A1EAD2A6E4F3300C0FB4D /* GitHubUserList.swift in Sources */,
				317B8DD52A6FE2530058F45C /* SearchUserRouterDestination.swift in Sources */,
				31B033F32A6A815100BD6BEE /* APIError.swift in Sources */,
				3164302C2A6E2CF900CFA3FD /* SearchUserViewModel.swift in Sources */,
				315A1EA52A6E4CF100C0FB4D /* DefaultSearchUserRepository.swift in Sources */,
				31B033D82A6A63D500BD6BEE /* GitHubAccessTokenData.swift in Sources */,
				315A1EBB2A6E748A00C0FB4D /* LoadingTracker.swift in Sources */,
				31AB79672A710CED006FD7A0 /* AccountRepository.swift in Sources */,
				315A1EAB2A6E4F0A00C0FB4D /* GitHubUser.swift in Sources */,
				31B033BD2A6A334900BD6BEE /* Constant+URL.swift in Sources */,
				31B033C82A6A4A7300BD6BEE /* LoginViewModel.swift in Sources */,
				315A1EAF2A6E61F900C0FB4D /* SearchUserRowView.swift in Sources */,
				315A1EA12A6E471F00C0FB4D /* RootView.swift in Sources */,
				315A1EB62A6E690A00C0FB4D /* APILoggerPlugin.swift in Sources */,
				31B033EE2A6A7A4700BD6BEE /* DefaultAccountRepository.swift in Sources */,
				31B033D52A6A611F00BD6BEE /* AccountManager.swift in Sources */,
				31B033E82A6A6E6D00BD6BEE /* AccountAPI.swift in Sources */,
				31B9C42E2A6FCC4700FF96CE /* Router.swift in Sources */,
				31B9C4302A6FDD1800FF96CE /* RouterDestination.swift in Sources */,
				31B9C4322A6FDD2A00FF96CE /* RouterTransitionStyle.swift in Sources */,
				31B033EC2A6A796F00BD6BEE /* Color+.swift in Sources */,
				319CEF892A68DB0A0048C38E /* CleanArchitectureExampleApp.swift in Sources */,
				31AB795A2A70B856006FD7A0 /* View+.swift in Sources */,
				31B033D32A6A530300BD6BEE /* AppManager.swift in Sources */,
				31B033BB2A6A333400BD6BEE /* Constant.swift in Sources */,
				31B033E32A6A67C100BD6BEE /* OptionalType.swift in Sources */,
				31AB796B2A7205B3006FD7A0 /* Constant+Scheme.swift in Sources */,
				31B033E02A6A66F600BD6BEE /* KeyChainStorage.swift in Sources */,
				31B9C4292A6F8F4E00FF96CE /* SafariView.swift in Sources */,
				315A1EA82A6E4D4400C0FB4D /* SearchUserAPI.swift in Sources */,
				315A1EB42A6E64BE00C0FB4D /* Image+.swift in Sources */,
				3164302F2A6E2D4900CFA3FD /* RootViewType.swift in Sources */,
			);
			runOnlyForDeploymentPostprocessing = 0;
		};
		319CEF912A68DB0A0048C38E /* Sources */ = {
			isa = PBXSourcesBuildPhase;
			buildActionMask = 2147483647;
			files = (
				314F7B162A7221EC00EA5DC3 /* SearchUserRepositoryStub.swift in Sources */,
				31AB796D2A720823006FD7A0 /* LoginViewModelTests.swift in Sources */,
				314F7B1C2A724DAB00EA5DC3 /* SearchUserViewModelTests.swift in Sources */,
				319CEF9A2A68DB0A0048C38E /* CleanArchitectureExampleTests.swift in Sources */,
				314F7B182A723A8900EA5DC3 /* DefaultSearchUserRepositoryTests.swift in Sources */,
				314F7B1A2A72400E00EA5DC3 /* DefaultSearchUserUseCaseTests.swift in Sources */,
				31AB796F2A7210A5006FD7A0 /* DefaultAccountRepositoryTests.swift in Sources */,
				31AB79602A70CA16006FD7A0 /* AccountRepositoryStub.swift in Sources */,
				31AB79692A711141006FD7A0 /* DefaultAccountUseCaseTests.swift in Sources */,
			);
			runOnlyForDeploymentPostprocessing = 0;
		};
		319CEF9B2A68DB0A0048C38E /* Sources */ = {
			isa = PBXSourcesBuildPhase;
			buildActionMask = 2147483647;
			files = (
				319CEFA62A68DB0A0048C38E /* CleanArchitectureExampleUITestsLaunchTests.swift in Sources */,
				319CEFA42A68DB0A0048C38E /* CleanArchitectureExampleUITests.swift in Sources */,
			);
			runOnlyForDeploymentPostprocessing = 0;
		};
/* End PBXSourcesBuildPhase section */

/* Begin PBXTargetDependency section */
		319CEF972A68DB0A0048C38E /* PBXTargetDependency */ = {
			isa = PBXTargetDependency;
			target = 319CEF842A68DB0A0048C38E /* CleanArchitectureExample */;
			targetProxy = 319CEF962A68DB0A0048C38E /* PBXContainerItemProxy */;
		};
		319CEFA12A68DB0A0048C38E /* PBXTargetDependency */ = {
			isa = PBXTargetDependency;
			target = 319CEF842A68DB0A0048C38E /* CleanArchitectureExample */;
			targetProxy = 319CEFA02A68DB0A0048C38E /* PBXContainerItemProxy */;
		};
/* End PBXTargetDependency section */

/* Begin XCBuildConfiguration section */
		319CEFA72A68DB0A0048C38E /* Debug */ = {
			isa = XCBuildConfiguration;
			buildSettings = {
				ALWAYS_SEARCH_USER_PATHS = NO;
				CLANG_ANALYZER_NONNULL = YES;
				CLANG_ANALYZER_NUMBER_OBJECT_CONVERSION = YES_AGGRESSIVE;
				CLANG_CXX_LANGUAGE_STANDARD = "gnu++20";
				CLANG_ENABLE_MODULES = YES;
				CLANG_ENABLE_OBJC_ARC = YES;
				CLANG_ENABLE_OBJC_WEAK = YES;
				CLANG_WARN_BLOCK_CAPTURE_AUTORELEASING = YES;
				CLANG_WARN_BOOL_CONVERSION = YES;
				CLANG_WARN_COMMA = YES;
				CLANG_WARN_CONSTANT_CONVERSION = YES;
				CLANG_WARN_DEPRECATED_OBJC_IMPLEMENTATIONS = YES;
				CLANG_WARN_DIRECT_OBJC_ISA_USAGE = YES_ERROR;
				CLANG_WARN_DOCUMENTATION_COMMENTS = YES;
				CLANG_WARN_EMPTY_BODY = YES;
				CLANG_WARN_ENUM_CONVERSION = YES;
				CLANG_WARN_INFINITE_RECURSION = YES;
				CLANG_WARN_INT_CONVERSION = YES;
				CLANG_WARN_NON_LITERAL_NULL_CONVERSION = YES;
				CLANG_WARN_OBJC_IMPLICIT_RETAIN_SELF = YES;
				CLANG_WARN_OBJC_LITERAL_CONVERSION = YES;
				CLANG_WARN_OBJC_ROOT_CLASS = YES_ERROR;
				CLANG_WARN_QUOTED_INCLUDE_IN_FRAMEWORK_HEADER = YES;
				CLANG_WARN_RANGE_LOOP_ANALYSIS = YES;
				CLANG_WARN_STRICT_PROTOTYPES = YES;
				CLANG_WARN_SUSPICIOUS_MOVE = YES;
				CLANG_WARN_UNGUARDED_AVAILABILITY = YES_AGGRESSIVE;
				CLANG_WARN_UNREACHABLE_CODE = YES;
				CLANG_WARN__DUPLICATE_METHOD_MATCH = YES;
				COPY_PHASE_STRIP = NO;
				DEBUG_INFORMATION_FORMAT = dwarf;
				ENABLE_STRICT_OBJC_MSGSEND = YES;
				ENABLE_TESTABILITY = YES;
				GCC_C_LANGUAGE_STANDARD = gnu11;
				GCC_DYNAMIC_NO_PIC = NO;
				GCC_NO_COMMON_BLOCKS = YES;
				GCC_OPTIMIZATION_LEVEL = 0;
				GCC_PREPROCESSOR_DEFINITIONS = (
					"DEBUG=1",
					"$(inherited)",
				);
				GCC_WARN_64_TO_32_BIT_CONVERSION = YES;
				GCC_WARN_ABOUT_RETURN_TYPE = YES_ERROR;
				GCC_WARN_UNDECLARED_SELECTOR = YES;
				GCC_WARN_UNINITIALIZED_AUTOS = YES_AGGRESSIVE;
				GCC_WARN_UNUSED_FUNCTION = YES;
				GCC_WARN_UNUSED_VARIABLE = YES;
				IPHONEOS_DEPLOYMENT_TARGET = 16.4;
				MTL_ENABLE_DEBUG_INFO = INCLUDE_SOURCE;
				MTL_FAST_MATH = YES;
				ONLY_ACTIVE_ARCH = YES;
				SDKROOT = iphoneos;
				SWIFT_ACTIVE_COMPILATION_CONDITIONS = DEBUG;
				SWIFT_OPTIMIZATION_LEVEL = "-Onone";
			};
			name = Debug;
		};
		319CEFA82A68DB0A0048C38E /* Release */ = {
			isa = XCBuildConfiguration;
			buildSettings = {
				ALWAYS_SEARCH_USER_PATHS = NO;
				CLANG_ANALYZER_NONNULL = YES;
				CLANG_ANALYZER_NUMBER_OBJECT_CONVERSION = YES_AGGRESSIVE;
				CLANG_CXX_LANGUAGE_STANDARD = "gnu++20";
				CLANG_ENABLE_MODULES = YES;
				CLANG_ENABLE_OBJC_ARC = YES;
				CLANG_ENABLE_OBJC_WEAK = YES;
				CLANG_WARN_BLOCK_CAPTURE_AUTORELEASING = YES;
				CLANG_WARN_BOOL_CONVERSION = YES;
				CLANG_WARN_COMMA = YES;
				CLANG_WARN_CONSTANT_CONVERSION = YES;
				CLANG_WARN_DEPRECATED_OBJC_IMPLEMENTATIONS = YES;
				CLANG_WARN_DIRECT_OBJC_ISA_USAGE = YES_ERROR;
				CLANG_WARN_DOCUMENTATION_COMMENTS = YES;
				CLANG_WARN_EMPTY_BODY = YES;
				CLANG_WARN_ENUM_CONVERSION = YES;
				CLANG_WARN_INFINITE_RECURSION = YES;
				CLANG_WARN_INT_CONVERSION = YES;
				CLANG_WARN_NON_LITERAL_NULL_CONVERSION = YES;
				CLANG_WARN_OBJC_IMPLICIT_RETAIN_SELF = YES;
				CLANG_WARN_OBJC_LITERAL_CONVERSION = YES;
				CLANG_WARN_OBJC_ROOT_CLASS = YES_ERROR;
				CLANG_WARN_QUOTED_INCLUDE_IN_FRAMEWORK_HEADER = YES;
				CLANG_WARN_RANGE_LOOP_ANALYSIS = YES;
				CLANG_WARN_STRICT_PROTOTYPES = YES;
				CLANG_WARN_SUSPICIOUS_MOVE = YES;
				CLANG_WARN_UNGUARDED_AVAILABILITY = YES_AGGRESSIVE;
				CLANG_WARN_UNREACHABLE_CODE = YES;
				CLANG_WARN__DUPLICATE_METHOD_MATCH = YES;
				COPY_PHASE_STRIP = NO;
				DEBUG_INFORMATION_FORMAT = "dwarf-with-dsym";
				ENABLE_NS_ASSERTIONS = NO;
				ENABLE_STRICT_OBJC_MSGSEND = YES;
				GCC_C_LANGUAGE_STANDARD = gnu11;
				GCC_NO_COMMON_BLOCKS = YES;
				GCC_WARN_64_TO_32_BIT_CONVERSION = YES;
				GCC_WARN_ABOUT_RETURN_TYPE = YES_ERROR;
				GCC_WARN_UNDECLARED_SELECTOR = YES;
				GCC_WARN_UNINITIALIZED_AUTOS = YES_AGGRESSIVE;
				GCC_WARN_UNUSED_FUNCTION = YES;
				GCC_WARN_UNUSED_VARIABLE = YES;
				IPHONEOS_DEPLOYMENT_TARGET = 16.4;
				MTL_ENABLE_DEBUG_INFO = NO;
				MTL_FAST_MATH = YES;
				SDKROOT = iphoneos;
				SWIFT_COMPILATION_MODE = wholemodule;
				SWIFT_OPTIMIZATION_LEVEL = "-O";
				VALIDATE_PRODUCT = YES;
			};
			name = Release;
		};
		319CEFAA2A68DB0A0048C38E /* Debug */ = {
			isa = XCBuildConfiguration;
			buildSettings = {
				ASSETCATALOG_COMPILER_APPICON_NAME = AppIcon;
				ASSETCATALOG_COMPILER_GLOBAL_ACCENT_COLOR_NAME = AccentColor;
				CODE_SIGN_STYLE = Automatic;
				CURRENT_PROJECT_VERSION = 1;
				DEVELOPMENT_ASSET_PATHS = "\"CleanArchitectureExample/Preview Content\"";
				DEVELOPMENT_TEAM = 3S767N4AG9;
				ENABLE_PREVIEWS = YES;
				GENERATE_INFOPLIST_FILE = YES;
				INFOPLIST_FILE = CleanArchitectureExample/Info.plist;
				INFOPLIST_KEY_UIApplicationSceneManifest_Generation = YES;
				INFOPLIST_KEY_UIApplicationSupportsIndirectInputEvents = YES;
				INFOPLIST_KEY_UILaunchScreen_Generation = YES;
				INFOPLIST_KEY_UISupportedInterfaceOrientations_iPad = "UIInterfaceOrientationPortrait UIInterfaceOrientationPortraitUpsideDown UIInterfaceOrientationLandscapeLeft UIInterfaceOrientationLandscapeRight";
				INFOPLIST_KEY_UISupportedInterfaceOrientations_iPhone = "UIInterfaceOrientationPortrait UIInterfaceOrientationLandscapeLeft UIInterfaceOrientationLandscapeRight";
				LD_RUNPATH_SEARCH_PATHS = (
					"$(inherited)",
					"@executable_path/Frameworks",
				);
				MARKETING_VERSION = 1.0.0;
				PRODUCT_BUNDLE_IDENTIFIER = com.didwndckd.CleanArchitectureExample;
				PRODUCT_NAME = "$(TARGET_NAME)";
				SWIFT_EMIT_LOC_STRINGS = YES;
				SWIFT_VERSION = 5.0;
				TARGETED_DEVICE_FAMILY = "1,2";
			};
			name = Debug;
		};
		319CEFAB2A68DB0A0048C38E /* Release */ = {
			isa = XCBuildConfiguration;
			buildSettings = {
				ASSETCATALOG_COMPILER_APPICON_NAME = AppIcon;
				ASSETCATALOG_COMPILER_GLOBAL_ACCENT_COLOR_NAME = AccentColor;
				CODE_SIGN_STYLE = Automatic;
				CURRENT_PROJECT_VERSION = 1;
				DEVELOPMENT_ASSET_PATHS = "\"CleanArchitectureExample/Preview Content\"";
				DEVELOPMENT_TEAM = 3S767N4AG9;
				ENABLE_PREVIEWS = YES;
				GENERATE_INFOPLIST_FILE = YES;
				INFOPLIST_FILE = CleanArchitectureExample/Info.plist;
				INFOPLIST_KEY_UIApplicationSceneManifest_Generation = YES;
				INFOPLIST_KEY_UIApplicationSupportsIndirectInputEvents = YES;
				INFOPLIST_KEY_UILaunchScreen_Generation = YES;
				INFOPLIST_KEY_UISupportedInterfaceOrientations_iPad = "UIInterfaceOrientationPortrait UIInterfaceOrientationPortraitUpsideDown UIInterfaceOrientationLandscapeLeft UIInterfaceOrientationLandscapeRight";
				INFOPLIST_KEY_UISupportedInterfaceOrientations_iPhone = "UIInterfaceOrientationPortrait UIInterfaceOrientationLandscapeLeft UIInterfaceOrientationLandscapeRight";
				LD_RUNPATH_SEARCH_PATHS = (
					"$(inherited)",
					"@executable_path/Frameworks",
				);
				MARKETING_VERSION = 1.0.0;
				PRODUCT_BUNDLE_IDENTIFIER = com.didwndckd.CleanArchitectureExample;
				PRODUCT_NAME = "$(TARGET_NAME)";
				SWIFT_EMIT_LOC_STRINGS = YES;
				SWIFT_VERSION = 5.0;
				TARGETED_DEVICE_FAMILY = "1,2";
			};
			name = Release;
		};
		319CEFAD2A68DB0A0048C38E /* Debug */ = {
			isa = XCBuildConfiguration;
			buildSettings = {
				ALWAYS_EMBED_SWIFT_STANDARD_LIBRARIES = YES;
				BUNDLE_LOADER = "$(TEST_HOST)";
				CODE_SIGN_STYLE = Automatic;
				CURRENT_PROJECT_VERSION = 1;
				DEVELOPMENT_TEAM = 3S767N4AG9;
				GENERATE_INFOPLIST_FILE = YES;
				IPHONEOS_DEPLOYMENT_TARGET = 16.4;
				MARKETING_VERSION = 1.0;
				PRODUCT_BUNDLE_IDENTIFIER = com.didwndckd.CleanArchitectureExampleTests;
				PRODUCT_NAME = "$(TARGET_NAME)";
				SWIFT_EMIT_LOC_STRINGS = NO;
				SWIFT_VERSION = 5.0;
				TARGETED_DEVICE_FAMILY = "1,2";
				TEST_HOST = "$(BUILT_PRODUCTS_DIR)/CleanArchitectureExample.app/$(BUNDLE_EXECUTABLE_FOLDER_PATH)/CleanArchitectureExample";
			};
			name = Debug;
		};
		319CEFAE2A68DB0A0048C38E /* Release */ = {
			isa = XCBuildConfiguration;
			buildSettings = {
				ALWAYS_EMBED_SWIFT_STANDARD_LIBRARIES = YES;
				BUNDLE_LOADER = "$(TEST_HOST)";
				CODE_SIGN_STYLE = Automatic;
				CURRENT_PROJECT_VERSION = 1;
				DEVELOPMENT_TEAM = 3S767N4AG9;
				GENERATE_INFOPLIST_FILE = YES;
				IPHONEOS_DEPLOYMENT_TARGET = 16.4;
				MARKETING_VERSION = 1.0;
				PRODUCT_BUNDLE_IDENTIFIER = com.didwndckd.CleanArchitectureExampleTests;
				PRODUCT_NAME = "$(TARGET_NAME)";
				SWIFT_EMIT_LOC_STRINGS = NO;
				SWIFT_VERSION = 5.0;
				TARGETED_DEVICE_FAMILY = "1,2";
				TEST_HOST = "$(BUILT_PRODUCTS_DIR)/CleanArchitectureExample.app/$(BUNDLE_EXECUTABLE_FOLDER_PATH)/CleanArchitectureExample";
			};
			name = Release;
		};
		319CEFB02A68DB0A0048C38E /* Debug */ = {
			isa = XCBuildConfiguration;
			buildSettings = {
				ALWAYS_EMBED_SWIFT_STANDARD_LIBRARIES = YES;
				CODE_SIGN_STYLE = Automatic;
				CURRENT_PROJECT_VERSION = 1;
				DEVELOPMENT_TEAM = 3S767N4AG9;
				GENERATE_INFOPLIST_FILE = YES;
				MARKETING_VERSION = 1.0;
				PRODUCT_BUNDLE_IDENTIFIER = com.didwndckd.CleanArchitectureExampleUITests;
				PRODUCT_NAME = "$(TARGET_NAME)";
				SWIFT_EMIT_LOC_STRINGS = NO;
				SWIFT_VERSION = 5.0;
				TARGETED_DEVICE_FAMILY = "1,2";
				TEST_TARGET_NAME = CleanArchitectureExample;
			};
			name = Debug;
		};
		319CEFB12A68DB0A0048C38E /* Release */ = {
			isa = XCBuildConfiguration;
			buildSettings = {
				ALWAYS_EMBED_SWIFT_STANDARD_LIBRARIES = YES;
				CODE_SIGN_STYLE = Automatic;
				CURRENT_PROJECT_VERSION = 1;
				DEVELOPMENT_TEAM = 3S767N4AG9;
				GENERATE_INFOPLIST_FILE = YES;
				MARKETING_VERSION = 1.0;
				PRODUCT_BUNDLE_IDENTIFIER = com.didwndckd.CleanArchitectureExampleUITests;
				PRODUCT_NAME = "$(TARGET_NAME)";
				SWIFT_EMIT_LOC_STRINGS = NO;
				SWIFT_VERSION = 5.0;
				TARGETED_DEVICE_FAMILY = "1,2";
				TEST_TARGET_NAME = CleanArchitectureExample;
			};
			name = Release;
		};
/* End XCBuildConfiguration section */

/* Begin XCConfigurationList section */
		319CEF802A68DB0A0048C38E /* Build configuration list for PBXProject "CleanArchitectureExample" */ = {
			isa = XCConfigurationList;
			buildConfigurations = (
				319CEFA72A68DB0A0048C38E /* Debug */,
				319CEFA82A68DB0A0048C38E /* Release */,
			);
			defaultConfigurationIsVisible = 0;
			defaultConfigurationName = Release;
		};
		319CEFA92A68DB0A0048C38E /* Build configuration list for PBXNativeTarget "CleanArchitectureExample" */ = {
			isa = XCConfigurationList;
			buildConfigurations = (
				319CEFAA2A68DB0A0048C38E /* Debug */,
				319CEFAB2A68DB0A0048C38E /* Release */,
			);
			defaultConfigurationIsVisible = 0;
			defaultConfigurationName = Release;
		};
		319CEFAC2A68DB0A0048C38E /* Build configuration list for PBXNativeTarget "CleanArchitectureExampleTests" */ = {
			isa = XCConfigurationList;
			buildConfigurations = (
				319CEFAD2A68DB0A0048C38E /* Debug */,
				319CEFAE2A68DB0A0048C38E /* Release */,
			);
			defaultConfigurationIsVisible = 0;
			defaultConfigurationName = Release;
		};
		319CEFAF2A68DB0A0048C38E /* Build configuration list for PBXNativeTarget "CleanArchitectureExampleUITests" */ = {
			isa = XCConfigurationList;
			buildConfigurations = (
				319CEFB02A68DB0A0048C38E /* Debug */,
				319CEFB12A68DB0A0048C38E /* Release */,
			);
			defaultConfigurationIsVisible = 0;
			defaultConfigurationName = Release;
		};
/* End XCConfigurationList section */

/* Begin XCRemoteSwiftPackageReference section */
		315A1EB02A6E649E00C0FB4D /* XCRemoteSwiftPackageReference "Kingfisher" */ = {
			isa = XCRemoteSwiftPackageReference;
			repositoryURL = "https://github.com/onevcat/Kingfisher.git";
			requirement = {
				kind = upToNextMajorVersion;
				minimumVersion = 7.0.0;
			};
		};
		319CEFB22A68F8370048C38E /* XCRemoteSwiftPackageReference "Moya" */ = {
			isa = XCRemoteSwiftPackageReference;
			repositoryURL = "https://github.com/Moya/Moya.git";
			requirement = {
				kind = upToNextMajorVersion;
				minimumVersion = 15.0.0;
			};
		};
		31B033DB2A6A66C300BD6BEE /* XCRemoteSwiftPackageReference "keychain-swift" */ = {
			isa = XCRemoteSwiftPackageReference;
			repositoryURL = "https://github.com/evgenyneu/keychain-swift.git";
			requirement = {
				kind = upToNextMajorVersion;
				minimumVersion = 20.0.0;
			};
		};
/* End XCRemoteSwiftPackageReference section */

/* Begin XCSwiftPackageProductDependency section */
		315A1EB12A6E649E00C0FB4D /* Kingfisher */ = {
			isa = XCSwiftPackageProductDependency;
			package = 315A1EB02A6E649E00C0FB4D /* XCRemoteSwiftPackageReference "Kingfisher" */;
			productName = Kingfisher;
		};
		319CEFB32A68F8370048C38E /* CombineMoya */ = {
			isa = XCSwiftPackageProductDependency;
			package = 319CEFB22A68F8370048C38E /* XCRemoteSwiftPackageReference "Moya" */;
			productName = CombineMoya;
		};
		319CEFB52A68F8370048C38E /* Moya */ = {
			isa = XCSwiftPackageProductDependency;
			package = 319CEFB22A68F8370048C38E /* XCRemoteSwiftPackageReference "Moya" */;
			productName = Moya;
		};
		31B033DC2A6A66C300BD6BEE /* KeychainSwift */ = {
			isa = XCSwiftPackageProductDependency;
			package = 31B033DB2A6A66C300BD6BEE /* XCRemoteSwiftPackageReference "keychain-swift" */;
			productName = KeychainSwift;
		};
/* End XCSwiftPackageProductDependency section */
	};
	rootObject = 319CEF7D2A68DB0A0048C38E /* Project object */;
}
