// !$*UTF8*$!
{
	archiveVersion = 1;
	classes = {
	};
	objectVersion = 56;
	objects = {

/* Begin PBXBuildFile section */
		319CEF892A68DB0A0048C38E /* CleanArchitectureExampleApp.swift in Sources */ = {isa = PBXBuildFile; fileRef = 319CEF882A68DB0A0048C38E /* CleanArchitectureExampleApp.swift */; };
		319CEF8B2A68DB0A0048C38E /* ContentView.swift in Sources */ = {isa = PBXBuildFile; fileRef = 319CEF8A2A68DB0A0048C38E /* ContentView.swift */; };
		319CEF8D2A68DB0A0048C38E /* Assets.xcassets in Resources */ = {isa = PBXBuildFile; fileRef = 319CEF8C2A68DB0A0048C38E /* Assets.xcassets */; };
		319CEF902A68DB0A0048C38E /* Preview Assets.xcassets in Resources */ = {isa = PBXBuildFile; fileRef = 319CEF8F2A68DB0A0048C38E /* Preview Assets.xcassets */; };
		319CEF9A2A68DB0A0048C38E /* CleanArchitectureExampleTests.swift in Sources */ = {isa = PBXBuildFile; fileRef = 319CEF992A68DB0A0048C38E /* CleanArchitectureExampleTests.swift */; };
		319CEFA42A68DB0A0048C38E /* CleanArchitectureExampleUITests.swift in Sources */ = {isa = PBXBuildFile; fileRef = 319CEFA32A68DB0A0048C38E /* CleanArchitectureExampleUITests.swift */; };
		319CEFA62A68DB0A0048C38E /* CleanArchitectureExampleUITestsLaunchTests.swift in Sources */ = {isa = PBXBuildFile; fileRef = 319CEFA52A68DB0A0048C38E /* CleanArchitectureExampleUITestsLaunchTests.swift */; };
/* End PBXBuildFile section */

/* Begin PBXContainerItemProxy section */
		319CEF962A68DB0A0048C38E /* PBXContainerItemProxy */ = {
			isa = PBXContainerItemProxy;
			containerPortal = 319CEF7D2A68DB0A0048C38E /* Project object */;
			proxyType = 1;
			remoteGlobalIDString = 319CEF842A68DB0A0048C38E;
			remoteInfo = CleanArchitectureExample;
		};
		319CEFA02A68DB0A0048C38E /* PBXContainerItemProxy */ = {
			isa = PBXContainerItemProxy;
			containerPortal = 319CEF7D2A68DB0A0048C38E /* Project object */;
			proxyType = 1;
			remoteGlobalIDString = 319CEF842A68DB0A0048C38E;
			remoteInfo = CleanArchitectureExample;
		};
/* End PBXContainerItemProxy section */

/* Begin PBXFileReference section */
		319CEF852A68DB0A0048C38E /* CleanArchitectureExample.app */ = {isa = PBXFileReference; explicitFileType = wrapper.application; includeInIndex = 0; path = CleanArchitectureExample.app; sourceTree = BUILT_PRODUCTS_DIR; };
		319CEF882A68DB0A0048C38E /* CleanArchitectureExampleApp.swift */ = {isa = PBXFileReference; lastKnownFileType = sourcecode.swift; path = CleanArchitectureExampleApp.swift; sourceTree = "<group>"; };
		319CEF8A2A68DB0A0048C38E /* ContentView.swift */ = {isa = PBXFileReference; lastKnownFileType = sourcecode.swift; path = ContentView.swift; sourceTree = "<group>"; };
		319CEF8C2A68DB0A0048C38E /* Assets.xcassets */ = {isa = PBXFileReference; lastKnownFileType = folder.assetcatalog; path = Assets.xcassets; sourceTree = "<group>"; };
		319CEF8F2A68DB0A0048C38E /* Preview Assets.xcassets */ = {isa = PBXFileReference; lastKnownFileType = folder.assetcatalog; path = "Preview Assets.xcassets"; sourceTree = "<group>"; };
		319CEF952A68DB0A0048C38E /* CleanArchitectureExampleTests.xctest */ = {isa = PBXFileReference; explicitFileType = wrapper.cfbundle; includeInIndex = 0; path = CleanArchitectureExampleTests.xctest; sourceTree = BUILT_PRODUCTS_DIR; };
		319CEF992A68DB0A0048C38E /* CleanArchitectureExampleTests.swift */ = {isa = PBXFileReference; lastKnownFileType = sourcecode.swift; path = CleanArchitectureExampleTests.swift; sourceTree = "<group>"; };
		319CEF9F2A68DB0A0048C38E /* CleanArchitectureExampleUITests.xctest */ = {isa = PBXFileReference; explicitFileType = wrapper.cfbundle; includeInIndex = 0; path = CleanArchitectureExampleUITests.xctest; sourceTree = BUILT_PRODUCTS_DIR; };
		319CEFA32A68DB0A0048C38E /* CleanArchitectureExampleUITests.swift */ = {isa = PBXFileReference; lastKnownFileType = sourcecode.swift; path = CleanArchitectureExampleUITests.swift; sourceTree = "<group>"; };
		319CEFA52A68DB0A0048C38E /* CleanArchitectureExampleUITestsLaunchTests.swift */ = {isa = PBXFileReference; lastKnownFileType = sourcecode.swift; path = CleanArchitectureExampleUITestsLaunchTests.swift; sourceTree = "<group>"; };
/* End PBXFileReference section */

/* Begin PBXFrameworksBuildPhase section */
		319CEF822A68DB0A0048C38E /* Frameworks */ = {
			isa = PBXFrameworksBuildPhase;
			buildActionMask = 2147483647;
			files = (
			);
			runOnlyForDeploymentPostprocessing = 0;
		};
		319CEF922A68DB0A0048C38E /* Frameworks */ = {
			isa = PBXFrameworksBuildPhase;
			buildActionMask = 2147483647;
			files = (
			);
			runOnlyForDeploymentPostprocessing = 0;
		};
		319CEF9C2A68DB0A0048C38E /* Frameworks */ = {
			isa = PBXFrameworksBuildPhase;
			buildActionMask = 2147483647;
			files = (
			);
			runOnlyForDeploymentPostprocessing = 0;
		};
/* End PBXFrameworksBuildPhase section */

/* Begin PBXGroup section */
		319CEF7C2A68DB0A0048C38E = {
			isa = PBXGroup;
			children = (
				319CEF872A68DB0A0048C38E /* CleanArchitectureExample */,
				319CEF982A68DB0A0048C38E /* CleanArchitectureExampleTests */,
				319CEFA22A68DB0A0048C38E /* CleanArchitectureExampleUITests */,
				319CEF862A68DB0A0048C38E /* Products */,
			);
			sourceTree = "<group>";
		};
		319CEF862A68DB0A0048C38E /* Products */ = {
			isa = PBXGroup;
			children = (
				319CEF852A68DB0A0048C38E /* CleanArchitectureExample.app */,
				319CEF952A68DB0A0048C38E /* CleanArchitectureExampleTests.xctest */,
				319CEF9F2A68DB0A0048C38E /* CleanArchitectureExampleUITests.xctest */,
			);
			name = Products;
			sourceTree = "<group>";
		};
		319CEF872A68DB0A0048C38E /* CleanArchitectureExample */ = {
			isa = PBXGroup;
			children = (
				319CEF882A68DB0A0048C38E /* CleanArchitectureExampleApp.swift */,
				319CEF8A2A68DB0A0048C38E /* ContentView.swift */,
				319CEF8C2A68DB0A0048C38E /* Assets.xcassets */,
				319CEF8E2A68DB0A0048C38E /* Preview Content */,
			);
			path = CleanArchitectureExample;
			sourceTree = "<group>";
		};
		319CEF8E2A68DB0A0048C38E /* Preview Content */ = {
			isa = PBXGroup;
			children = (
				319CEF8F2A68DB0A0048C38E /* Preview Assets.xcassets */,
			);
			path = "Preview Content";
			sourceTree = "<group>";
		};
		319CEF982A68DB0A0048C38E /* CleanArchitectureExampleTests */ = {
			isa = PBXGroup;
			children = (
				319CEF992A68DB0A0048C38E /* CleanArchitectureExampleTests.swift */,
			);
			path = CleanArchitectureExampleTests;
			sourceTree = "<group>";
		};
		319CEFA22A68DB0A0048C38E /* CleanArchitectureExampleUITests */ = {
			isa = PBXGroup;
			children = (
				319CEFA32A68DB0A0048C38E /* CleanArchitectureExampleUITests.swift */,
				319CEFA52A68DB0A0048C38E /* CleanArchitectureExampleUITestsLaunchTests.swift */,
			);
			path = CleanArchitectureExampleUITests;
			sourceTree = "<group>";
		};
/* End PBXGroup section */

/* Begin PBXNativeTarget section */
		319CEF842A68DB0A0048C38E /* CleanArchitectureExample */ = {
			isa = PBXNativeTarget;
			buildConfigurationList = 319CEFA92A68DB0A0048C38E /* Build configuration list for PBXNativeTarget "CleanArchitectureExample" */;
			buildPhases = (
				319CEF812A68DB0A0048C38E /* Sources */,
				319CEF822A68DB0A0048C38E /* Frameworks */,
				319CEF832A68DB0A0048C38E /* Resources */,
			);
			buildRules = (
			);
			dependencies = (
			);
			name = CleanArchitectureExample;
			productName = CleanArchitectureExample;
			productReference = 319CEF852A68DB0A0048C38E /* CleanArchitectureExample.app */;
			productType = "com.apple.product-type.application";
		};
		319CEF942A68DB0A0048C38E /* CleanArchitectureExampleTests */ = {
			isa = PBXNativeTarget;
			buildConfigurationList = 319CEFAC2A68DB0A0048C38E /* Build configuration list for PBXNativeTarget "CleanArchitectureExampleTests" */;
			buildPhases = (
				319CEF912A68DB0A0048C38E /* Sources */,
				319CEF922A68DB0A0048C38E /* Frameworks */,
				319CEF932A68DB0A0048C38E /* Resources */,
			);
			buildRules = (
			);
			dependencies = (
				319CEF972A68DB0A0048C38E /* PBXTargetDependency */,
			);
			name = CleanArchitectureExampleTests;
			productName = CleanArchitectureExampleTests;
			productReference = 319CEF952A68DB0A0048C38E /* CleanArchitectureExampleTests.xctest */;
			productType = "com.apple.product-type.bundle.unit-test";
		};
		319CEF9E2A68DB0A0048C38E /* CleanArchitectureExampleUITests */ = {
			isa = PBXNativeTarget;
			buildConfigurationList = 319CEFAF2A68DB0A0048C38E /* Build configuration list for PBXNativeTarget "CleanArchitectureExampleUITests" */;
			buildPhases = (
				319CEF9B2A68DB0A0048C38E /* Sources */,
				319CEF9C2A68DB0A0048C38E /* Frameworks */,
				319CEF9D2A68DB0A0048C38E /* Resources */,
			);
			buildRules = (
			);
			dependencies = (
				319CEFA12A68DB0A0048C38E /* PBXTargetDependency */,
			);
			name = CleanArchitectureExampleUITests;
			productName = CleanArchitectureExampleUITests;
			productReference = 319CEF9F2A68DB0A0048C38E /* CleanArchitectureExampleUITests.xctest */;
			productType = "com.apple.product-type.bundle.ui-testing";
		};
/* End PBXNativeTarget section */

/* Begin PBXProject section */
		319CEF7D2A68DB0A0048C38E /* Project object */ = {
			isa = PBXProject;
			attributes = {
				BuildIndependentTargetsInParallel = 1;
				LastSwiftUpdateCheck = 1430;
				LastUpgradeCheck = 1430;
				TargetAttributes = {
					319CEF842A68DB0A0048C38E = {
						CreatedOnToolsVersion = 14.3.1;
					};
					319CEF942A68DB0A0048C38E = {
						CreatedOnToolsVersion = 14.3.1;
						TestTargetID = 319CEF842A68DB0A0048C38E;
					};
					319CEF9E2A68DB0A0048C38E = {
						CreatedOnToolsVersion = 14.3.1;
						TestTargetID = 319CEF842A68DB0A0048C38E;
					};
				};
			};
			buildConfigurationList = 319CEF802A68DB0A0048C38E /* Build configuration list for PBXProject "CleanArchitectureExample" */;
			compatibilityVersion = "Xcode 14.0";
			developmentRegion = en;
			hasScannedForEncodings = 0;
			knownRegions = (
				en,
				Base,
			);
			mainGroup = 319CEF7C2A68DB0A0048C38E;
			productRefGroup = 319CEF862A68DB0A0048C38E /* Products */;
			projectDirPath = "";
			projectRoot = "";
			targets = (
				319CEF842A68DB0A0048C38E /* CleanArchitectureExample */,
				319CEF942A68DB0A0048C38E /* CleanArchitectureExampleTests */,
				319CEF9E2A68DB0A0048C38E /* CleanArchitectureExampleUITests */,
			);
		};
/* End PBXProject section */

/* Begin PBXResourcesBuildPhase section */
		319CEF832A68DB0A0048C38E /* Resources */ = {
			isa = PBXResourcesBuildPhase;
			buildActionMask = 2147483647;
			files = (
				319CEF902A68DB0A0048C38E /* Preview Assets.xcassets in Resources */,
				319CEF8D2A68DB0A0048C38E /* Assets.xcassets in Resources */,
			);
			runOnlyForDeploymentPostprocessing = 0;
		};
		319CEF932A68DB0A0048C38E /* Resources */ = {
			isa = PBXResourcesBuildPhase;
			buildActionMask = 2147483647;
			files = (
			);
			runOnlyForDeploymentPostprocessing = 0;
		};
		319CEF9D2A68DB0A0048C38E /* Resources */ = {
			isa = PBXResourcesBuildPhase;
			buildActionMask = 2147483647;
			files = (
			);
			runOnlyForDeploymentPostprocessing = 0;
		};
/* End PBXResourcesBuildPhase section */

/* Begin PBXSourcesBuildPhase section */
		319CEF812A68DB0A0048C38E /* Sources */ = {
			isa = PBXSourcesBuildPhase;
			buildActionMask = 2147483647;
			files = (
				319CEF8B2A68DB0A0048C38E /* ContentView.swift in Sources */,
				319CEF892A68DB0A0048C38E /* CleanArchitectureExampleApp.swift in Sources */,
			);
			runOnlyForDeploymentPostprocessing = 0;
		};
		319CEF912A68DB0A0048C38E /* Sources */ = {
			isa = PBXSourcesBuildPhase;
			buildActionMask = 2147483647;
			files = (
				319CEF9A2A68DB0A0048C38E /* CleanArchitectureExampleTests.swift in Sources */,
			);
			runOnlyForDeploymentPostprocessing = 0;
		};
		319CEF9B2A68DB0A0048C38E /* Sources */ = {
			isa = PBXSourcesBuildPhase;
			buildActionMask = 2147483647;
			files = (
				319CEFA62A68DB0A0048C38E /* CleanArchitectureExampleUITestsLaunchTests.swift in Sources */,
				319CEFA42A68DB0A0048C38E /* CleanArchitectureExampleUITests.swift in Sources */,
			);
			runOnlyForDeploymentPostprocessing = 0;
		};
/* End PBXSourcesBuildPhase section */

/* Begin PBXTargetDependency section */
		319CEF972A68DB0A0048C38E /* PBXTargetDependency */ = {
			isa = PBXTargetDependency;
			target = 319CEF842A68DB0A0048C38E /* CleanArchitectureExample */;
			targetProxy = 319CEF962A68DB0A0048C38E /* PBXContainerItemProxy */;
		};
		319CEFA12A68DB0A0048C38E /* PBXTargetDependency */ = {
			isa = PBXTargetDependency;
			target = 319CEF842A68DB0A0048C38E /* CleanArchitectureExample */;
			targetProxy = 319CEFA02A68DB0A0048C38E /* PBXContainerItemProxy */;
		};
/* End PBXTargetDependency section */

/* Begin XCBuildConfiguration section */
		319CEFA72A68DB0A0048C38E /* Debug */ = {
			isa = XCBuildConfiguration;
			buildSettings = {
				ALWAYS_SEARCH_USER_PATHS = NO;
				CLANG_ANALYZER_NONNULL = YES;
				CLANG_ANALYZER_NUMBER_OBJECT_CONVERSION = YES_AGGRESSIVE;
				CLANG_CXX_LANGUAGE_STANDARD = "gnu++20";
				CLANG_ENABLE_MODULES = YES;
				CLANG_ENABLE_OBJC_ARC = YES;
				CLANG_ENABLE_OBJC_WEAK = YES;
				CLANG_WARN_BLOCK_CAPTURE_AUTORELEASING = YES;
				CLANG_WARN_BOOL_CONVERSION = YES;
				CLANG_WARN_COMMA = YES;
				CLANG_WARN_CONSTANT_CONVERSION = YES;
				CLANG_WARN_DEPRECATED_OBJC_IMPLEMENTATIONS = YES;
				CLANG_WARN_DIRECT_OBJC_ISA_USAGE = YES_ERROR;
				CLANG_WARN_DOCUMENTATION_COMMENTS = YES;
				CLANG_WARN_EMPTY_BODY = YES;
				CLANG_WARN_ENUM_CONVERSION = YES;
				CLANG_WARN_INFINITE_RECURSION = YES;
				CLANG_WARN_INT_CONVERSION = YES;
				CLANG_WARN_NON_LITERAL_NULL_CONVERSION = YES;
				CLANG_WARN_OBJC_IMPLICIT_RETAIN_SELF = YES;
				CLANG_WARN_OBJC_LITERAL_CONVERSION = YES;
				CLANG_WARN_OBJC_ROOT_CLASS = YES_ERROR;
				CLANG_WARN_QUOTED_INCLUDE_IN_FRAMEWORK_HEADER = YES;
				CLANG_WARN_RANGE_LOOP_ANALYSIS = YES;
				CLANG_WARN_STRICT_PROTOTYPES = YES;
				CLANG_WARN_SUSPICIOUS_MOVE = YES;
				CLANG_WARN_UNGUARDED_AVAILABILITY = YES_AGGRESSIVE;
				CLANG_WARN_UNREACHABLE_CODE = YES;
				CLANG_WARN__DUPLICATE_METHOD_MATCH = YES;
				COPY_PHASE_STRIP = NO;
				DEBUG_INFORMATION_FORMAT = dwarf;
				ENABLE_STRICT_OBJC_MSGSEND = YES;
				ENABLE_TESTABILITY = YES;
				GCC_C_LANGUAGE_STANDARD = gnu11;
				GCC_DYNAMIC_NO_PIC = NO;
				GCC_NO_COMMON_BLOCKS = YES;
				GCC_OPTIMIZATION_LEVEL = 0;
				GCC_PREPROCESSOR_DEFINITIONS = (
					"DEBUG=1",
					"$(inherited)",
				);
				GCC_WARN_64_TO_32_BIT_CONVERSION = YES;
				GCC_WARN_ABOUT_RETURN_TYPE = YES_ERROR;
				GCC_WARN_UNDECLARED_SELECTOR = YES;
				GCC_WARN_UNINITIALIZED_AUTOS = YES_AGGRESSIVE;
				GCC_WARN_UNUSED_FUNCTION = YES;
				GCC_WARN_UNUSED_VARIABLE = YES;
				IPHONEOS_DEPLOYMENT_TARGET = 16.4;
				MTL_ENABLE_DEBUG_INFO = INCLUDE_SOURCE;
				MTL_FAST_MATH = YES;
				ONLY_ACTIVE_ARCH = YES;
				SDKROOT = iphoneos;
				SWIFT_ACTIVE_COMPILATION_CONDITIONS = DEBUG;
				SWIFT_OPTIMIZATION_LEVEL = "-Onone";
			};
			name = Debug;
		};
		319CEFA82A68DB0A0048C38E /* Release */ = {
			isa = XCBuildConfiguration;
			buildSettings = {
				ALWAYS_SEARCH_USER_PATHS = NO;
				CLANG_ANALYZER_NONNULL = YES;
				CLANG_ANALYZER_NUMBER_OBJECT_CONVERSION = YES_AGGRESSIVE;
				CLANG_CXX_LANGUAGE_STANDARD = "gnu++20";
				CLANG_ENABLE_MODULES = YES;
				CLANG_ENABLE_OBJC_ARC = YES;
				CLANG_ENABLE_OBJC_WEAK = YES;
				CLANG_WARN_BLOCK_CAPTURE_AUTORELEASING = YES;
				CLANG_WARN_BOOL_CONVERSION = YES;
				CLANG_WARN_COMMA = YES;
				CLANG_WARN_CONSTANT_CONVERSION = YES;
				CLANG_WARN_DEPRECATED_OBJC_IMPLEMENTATIONS = YES;
				CLANG_WARN_DIRECT_OBJC_ISA_USAGE = YES_ERROR;
				CLANG_WARN_DOCUMENTATION_COMMENTS = YES;
				CLANG_WARN_EMPTY_BODY = YES;
				CLANG_WARN_ENUM_CONVERSION = YES;
				CLANG_WARN_INFINITE_RECURSION = YES;
				CLANG_WARN_INT_CONVERSION = YES;
				CLANG_WARN_NON_LITERAL_NULL_CONVERSION = YES;
				CLANG_WARN_OBJC_IMPLICIT_RETAIN_SELF = YES;
				CLANG_WARN_OBJC_LITERAL_CONVERSION = YES;
				CLANG_WARN_OBJC_ROOT_CLASS = YES_ERROR;
				CLANG_WARN_QUOTED_INCLUDE_IN_FRAMEWORK_HEADER = YES;
				CLANG_WARN_RANGE_LOOP_ANALYSIS = YES;
				CLANG_WARN_STRICT_PROTOTYPES = YES;
				CLANG_WARN_SUSPICIOUS_MOVE = YES;
				CLANG_WARN_UNGUARDED_AVAILABILITY = YES_AGGRESSIVE;
				CLANG_WARN_UNREACHABLE_CODE = YES;
				CLANG_WARN__DUPLICATE_METHOD_MATCH = YES;
				COPY_PHASE_STRIP = NO;
				DEBUG_INFORMATION_FORMAT = "dwarf-with-dsym";
				ENABLE_NS_ASSERTIONS = NO;
				ENABLE_STRICT_OBJC_MSGSEND = YES;
				GCC_C_LANGUAGE_STANDARD = gnu11;
				GCC_NO_COMMON_BLOCKS = YES;
				GCC_WARN_64_TO_32_BIT_CONVERSION = YES;
				GCC_WARN_ABOUT_RETURN_TYPE = YES_ERROR;
				GCC_WARN_UNDECLARED_SELECTOR = YES;
				GCC_WARN_UNINITIALIZED_AUTOS = YES_AGGRESSIVE;
				GCC_WARN_UNUSED_FUNCTION = YES;
				GCC_WARN_UNUSED_VARIABLE = YES;
				IPHONEOS_DEPLOYMENT_TARGET = 16.4;
				MTL_ENABLE_DEBUG_INFO = NO;
				MTL_FAST_MATH = YES;
				SDKROOT = iphoneos;
				SWIFT_COMPILATION_MODE = wholemodule;
				SWIFT_OPTIMIZATION_LEVEL = "-O";
				VALIDATE_PRODUCT = YES;
			};
			name = Release;
		};
		319CEFAA2A68DB0A0048C38E /* Debug */ = {
			isa = XCBuildConfiguration;
			buildSettings = {
				ASSETCATALOG_COMPILER_APPICON_NAME = AppIcon;
				ASSETCATALOG_COMPILER_GLOBAL_ACCENT_COLOR_NAME = AccentColor;
				CODE_SIGN_STYLE = Automatic;
				CURRENT_PROJECT_VERSION = 1;
				DEVELOPMENT_ASSET_PATHS = "\"CleanArchitectureExample/Preview Content\"";
				ENABLE_PREVIEWS = YES;
				GENERATE_INFOPLIST_FILE = YES;
				INFOPLIST_KEY_UIApplicationSceneManifest_Generation = YES;
				INFOPLIST_KEY_UIApplicationSupportsIndirectInputEvents = YES;
				INFOPLIST_KEY_UILaunchScreen_Generation = YES;
				INFOPLIST_KEY_UISupportedInterfaceOrientations_iPad = "UIInterfaceOrientationPortrait UIInterfaceOrientationPortraitUpsideDown UIInterfaceOrientationLandscapeLeft UIInterfaceOrientationLandscapeRight";
				INFOPLIST_KEY_UISupportedInterfaceOrientations_iPhone = "UIInterfaceOrientationPortrait UIInterfaceOrientationLandscapeLeft UIInterfaceOrientationLandscapeRight";
				LD_RUNPATH_SEARCH_PATHS = (
					"$(inherited)",
					"@executable_path/Frameworks",
				);
				MARKETING_VERSION = 1.0;
				PRODUCT_BUNDLE_IDENTIFIER = com.didwndckd.CleanArchitectureExample;
				PRODUCT_NAME = "$(TARGET_NAME)";
				SWIFT_EMIT_LOC_STRINGS = YES;
				SWIFT_VERSION = 5.0;
				TARGETED_DEVICE_FAMILY = "1,2";
			};
			name = Debug;
		};
		319CEFAB2A68DB0A0048C38E /* Release */ = {
			isa = XCBuildConfiguration;
			buildSettings = {
				ASSETCATALOG_COMPILER_APPICON_NAME = AppIcon;
				ASSETCATALOG_COMPILER_GLOBAL_ACCENT_COLOR_NAME = AccentColor;
				CODE_SIGN_STYLE = Automatic;
				CURRENT_PROJECT_VERSION = 1;
				DEVELOPMENT_ASSET_PATHS = "\"CleanArchitectureExample/Preview Content\"";
				ENABLE_PREVIEWS = YES;
				GENERATE_INFOPLIST_FILE = YES;
				INFOPLIST_KEY_UIApplicationSceneManifest_Generation = YES;
				INFOPLIST_KEY_UIApplicationSupportsIndirectInputEvents = YES;
				INFOPLIST_KEY_UILaunchScreen_Generation = YES;
				INFOPLIST_KEY_UISupportedInterfaceOrientations_iPad = "UIInterfaceOrientationPortrait UIInterfaceOrientationPortraitUpsideDown UIInterfaceOrientationLandscapeLeft UIInterfaceOrientationLandscapeRight";
				INFOPLIST_KEY_UISupportedInterfaceOrientations_iPhone = "UIInterfaceOrientationPortrait UIInterfaceOrientationLandscapeLeft UIInterfaceOrientationLandscapeRight";
				LD_RUNPATH_SEARCH_PATHS = (
					"$(inherited)",
					"@executable_path/Frameworks",
				);
				MARKETING_VERSION = 1.0;
				PRODUCT_BUNDLE_IDENTIFIER = com.didwndckd.CleanArchitectureExample;
				PRODUCT_NAME = "$(TARGET_NAME)";
				SWIFT_EMIT_LOC_STRINGS = YES;
				SWIFT_VERSION = 5.0;
				TARGETED_DEVICE_FAMILY = "1,2";
			};
			name = Release;
		};
		319CEFAD2A68DB0A0048C38E /* Debug */ = {
			isa = XCBuildConfiguration;
			buildSettings = {
				ALWAYS_EMBED_SWIFT_STANDARD_LIBRARIES = YES;
				BUNDLE_LOADER = "$(TEST_HOST)";
				CODE_SIGN_STYLE = Automatic;
				CURRENT_PROJECT_VERSION = 1;
				GENERATE_INFOPLIST_FILE = YES;
				IPHONEOS_DEPLOYMENT_TARGET = 16.4;
				MARKETING_VERSION = 1.0;
				PRODUCT_BUNDLE_IDENTIFIER = com.didwndckd.CleanArchitectureExampleTests;
				PRODUCT_NAME = "$(TARGET_NAME)";
				SWIFT_EMIT_LOC_STRINGS = NO;
				SWIFT_VERSION = 5.0;
				TARGETED_DEVICE_FAMILY = "1,2";
				TEST_HOST = "$(BUILT_PRODUCTS_DIR)/CleanArchitectureExample.app/$(BUNDLE_EXECUTABLE_FOLDER_PATH)/CleanArchitectureExample";
			};
			name = Debug;
		};
		319CEFAE2A68DB0A0048C38E /* Release */ = {
			isa = XCBuildConfiguration;
			buildSettings = {
				ALWAYS_EMBED_SWIFT_STANDARD_LIBRARIES = YES;
				BUNDLE_LOADER = "$(TEST_HOST)";
				CODE_SIGN_STYLE = Automatic;
				CURRENT_PROJECT_VERSION = 1;
				GENERATE_INFOPLIST_FILE = YES;
				IPHONEOS_DEPLOYMENT_TARGET = 16.4;
				MARKETING_VERSION = 1.0;
				PRODUCT_BUNDLE_IDENTIFIER = com.didwndckd.CleanArchitectureExampleTests;
				PRODUCT_NAME = "$(TARGET_NAME)";
				SWIFT_EMIT_LOC_STRINGS = NO;
				SWIFT_VERSION = 5.0;
				TARGETED_DEVICE_FAMILY = "1,2";
				TEST_HOST = "$(BUILT_PRODUCTS_DIR)/CleanArchitectureExample.app/$(BUNDLE_EXECUTABLE_FOLDER_PATH)/CleanArchitectureExample";
			};
			name = Release;
		};
		319CEFB02A68DB0A0048C38E /* Debug */ = {
			isa = XCBuildConfiguration;
			buildSettings = {
				ALWAYS_EMBED_SWIFT_STANDARD_LIBRARIES = YES;
				CODE_SIGN_STYLE = Automatic;
				CURRENT_PROJECT_VERSION = 1;
				GENERATE_INFOPLIST_FILE = YES;
				MARKETING_VERSION = 1.0;
				PRODUCT_BUNDLE_IDENTIFIER = com.didwndckd.CleanArchitectureExampleUITests;
				PRODUCT_NAME = "$(TARGET_NAME)";
				SWIFT_EMIT_LOC_STRINGS = NO;
				SWIFT_VERSION = 5.0;
				TARGETED_DEVICE_FAMILY = "1,2";
				TEST_TARGET_NAME = CleanArchitectureExample;
			};
			name = Debug;
		};
		319CEFB12A68DB0A0048C38E /* Release */ = {
			isa = XCBuildConfiguration;
			buildSettings = {
				ALWAYS_EMBED_SWIFT_STANDARD_LIBRARIES = YES;
				CODE_SIGN_STYLE = Automatic;
				CURRENT_PROJECT_VERSION = 1;
				GENERATE_INFOPLIST_FILE = YES;
				MARKETING_VERSION = 1.0;
				PRODUCT_BUNDLE_IDENTIFIER = com.didwndckd.CleanArchitectureExampleUITests;
				PRODUCT_NAME = "$(TARGET_NAME)";
				SWIFT_EMIT_LOC_STRINGS = NO;
				SWIFT_VERSION = 5.0;
				TARGETED_DEVICE_FAMILY = "1,2";
				TEST_TARGET_NAME = CleanArchitectureExample;
			};
			name = Release;
		};
/* End XCBuildConfiguration section */

/* Begin XCConfigurationList section */
		319CEF802A68DB0A0048C38E /* Build configuration list for PBXProject "CleanArchitectureExample" */ = {
			isa = XCConfigurationList;
			buildConfigurations = (
				319CEFA72A68DB0A0048C38E /* Debug */,
				319CEFA82A68DB0A0048C38E /* Release */,
			);
			defaultConfigurationIsVisible = 0;
			defaultConfigurationName = Release;
		};
		319CEFA92A68DB0A0048C38E /* Build configuration list for PBXNativeTarget "CleanArchitectureExample" */ = {
			isa = XCConfigurationList;
			buildConfigurations = (
				319CEFAA2A68DB0A0048C38E /* Debug */,
				319CEFAB2A68DB0A0048C38E /* Release */,
			);
			defaultConfigurationIsVisible = 0;
			defaultConfigurationName = Release;
		};
		319CEFAC2A68DB0A0048C38E /* Build configuration list for PBXNativeTarget "CleanArchitectureExampleTests" */ = {
			isa = XCConfigurationList;
			buildConfigurations = (
				319CEFAD2A68DB0A0048C38E /* Debug */,
				319CEFAE2A68DB0A0048C38E /* Release */,
			);
			defaultConfigurationIsVisible = 0;
			defaultConfigurationName = Release;
		};
		319CEFAF2A68DB0A0048C38E /* Build configuration list for PBXNativeTarget "CleanArchitectureExampleUITests" */ = {
			isa = XCConfigurationList;
			buildConfigurations = (
				319CEFB02A68DB0A0048C38E /* Debug */,
				319CEFB12A68DB0A0048C38E /* Release */,
			);
			defaultConfigurationIsVisible = 0;
			defaultConfigurationName = Release;
		};
/* End XCConfigurationList section */
	};
	rootObject = 319CEF7D2A68DB0A0048C38E /* Project object */;
}
